lockfileVersion: '9.0'

settings:
  autoInstallPeers: true
  excludeLinksFromLockfile: false

importers:

  .:
    dependencies:
      argr:
        specifier: ~1.1.7
        version: 1.1.7
      colors:
        specifier: ^1.1.0
        version: 1.4.0
      lodash:
        specifier: ^4.15.0
        version: 4.18.1
      minimatch:
        specifier: ^3.0.2
        version: 3.1.5
      tiny-lr:
        specifier: ~0.1.4
        version: 0.1.7
    devDependencies:
      mocha:
        specifier: ^2.5.3
        version: 2.5.3

packages:

  argr@1.1.7:
    resolution: {integrity: sha512-DDOzIDztpXsesMXoqzV67iamf8kDdqB2pa2CW0HmF5aoTQsbsypfW/jksxir6MXlXGyj/K7+D+oh1xtBHmXF7w==}

  balanced-match@1.0.2:
    resolution: {integrity: sha512-3oSeUO0TMV67hN1AmbXsK4yaqU7tjiHlbxRDZOpH0KW9+CeX4bRAaX0Anxt0tx2MrpRpWwQaPwIlISEJhYU5Pw==}

  body-parser@1.8.4:
    resolution: {integrity: sha512-jTeWaZdC6r5o7FUSWNTPtxeudzg3cybUEgT56clWiW3FOpZ0fbQAUoD2k/BqmQlyEI2sK3TBqs9Zp6p6Fsv/sQ==}
    engines: {node: '>= 0.8'}

  brace-expansion@1.1.21:
    resolution: {integrity: sha512-9zeA+KLZNNzglF2TPKRQEDyx6Yby7daAkuy8MiPzpXPsYDWi/DRM8jmwUDxokQjYqBpv5DgPiwD4h4ZZSy1Ujw==}

  bytes@1.0.0:
    resolution: {integrity: sha512-/x68VkHLeTl3/Ll8IvxdwzhrT+IyKc52e/oyHhA2RwqPqswSnjVbSddfPRwAsJtbilMAPSRWwAlpxdYsSWOTKQ==}

  colors@1.4.0:
    resolution: {integrity: sha512-a+UqTh4kgZg/SlGvfbzDHpgRu7AAQOmmqRHJnxhRZICKFUT91brVhNNt58CMWU9PsBbv3PDCZUHbVxuDiH2mtA==}
    engines: {node: '>=0.1.90'}

  commander@0.6.1:
    resolution: {integrity: sha512-0fLycpl1UMTGX257hRsu/arL/cUbcvQM4zMKwvLvzXtfdezIV4yotPS2dYtknF+NmEfWSoCEF6+hj9XLm/6hEw==}
    engines: {node: '>= 0.4.x'}

  commander@2.3.0:
    resolution: {integrity: sha512-CD452fnk0jQyk3NfnK+KkR/hUPoHt5pVaKHogtyyv3N0U4QfAal9W0/rXLOg/vVZgQKa7jdtXypKs1YAip11uQ==}
    engines: {node: '>= 0.6.x'}

  concat-map@0.0.1:
    resolution: {integrity: sha512-/Srv4dswyQNBfohGpz9o6Yb3Gz3SrUDqBH5rTuhGR7ahtlbYKnVxw2bCFMRljaA7EXHaXZ8wsHdodFvbkhKmqg==}

  debug@2.0.0:
    resolution: {integrity: sha512-jRxFR0Fb657ikmm6IjHY32v/Nqp9Ndcx4LBISXPfpguNaHh5JJnb+x37qalKPTu4fxMFnVBIyEGi72mmvl0BCw==}
    peerDependencies:
      supports-color: '*'
    peerDependenciesMeta:
      supports-color:
        optional: true

  debug@2.2.0:
    resolution: {integrity: sha512-X0rGvJcskG1c3TgSCPqHJ0XJgwlcvOC7elJ5Y0hYuKBZoVqWpAMfLOeIh2UI/DCQ5ruodIjvsugZtjUYUw2pUw==}
    peerDependencies:
      supports-color: '*'
    peerDependenciesMeta:
      supports-color:
        optional: true

  depd@0.4.5:
    resolution: {integrity: sha512-MyQx8POntp7sey9ghPezYB5gIKSbcce5pkoHdFmDYkiOcsE5f5yLLBzv8Qcs9Ll1hPgmEOfIae51n4Fa7l3zxw==}
    engines: {node: '>= 0.6'}

  diff@1.4.0:
    resolution: {integrity: sha512-VzVc42hMZbYU9Sx/ltb7KYuQ6pqAw+cbFWVy4XKdkuEL2CFaRLGEnISPs7YdzaUGpi+CpIqvRmu7hPQ4T7EQ5w==}
    engines: {node: '>=0.3.1'}

  ee-first@1.0.5:
    resolution: {integrity: sha512-+FCut34oNiJD2jD+YL/onRxOHF5ut3xOGgTIyEIOdYfun8AexYhEyurzv9izwhTft1Z7pdy4VlTq51K/sIsQRA==}

  escape-string-regexp@1.0.2:
    resolution: {integrity: sha512-cQpUid7bdTUnFin8S7BnNdOk+/eDqQmKgCANSyd/jAhrKEvxUvr9VQ8XZzXiOtest8NLfk3FSBZzwvemZNQ6Vg==}
    engines: {node: '>=0.8.0'}

  faye-websocket@0.7.3:
    resolution: {integrity: sha512-Y00rKGptNaZuPbJuWmFApQf1GIxfrUCi39oQiNyGAQpRDx1L7BQcgq5XPf8JCmXgct3Z1b/6epxqA9z9VMI42Q==}
    engines: {node: '>=0.4.0'}

  glob@3.2.11:
    resolution: {integrity: sha512-hVb0zwEZwC1FXSKRPFTeOtN7AArJcJlI6ULGLtrstaswKNlrTJqAA+1lYlSUop4vjA423xlBzqfVS3iWGlqJ+g==}
    deprecated: Old versions of glob are not supported, and contain widely publicized security vulnerabilities, which have been fixed in the current version. Please update. Support for old versions may be purchased (at exorbitant rates) by contacting i@izs.me

  growl@1.9.2:
    resolution: {integrity: sha512-RTBwDHhNuOx4F0hqzItc/siXCasGfC4DeWcBamclWd+6jWtBaeB/SGbMkGf0eiQoW7ib8JpvOgnUsmgMHI3Mfw==}

  http-parser-js@0.5.10:
    resolution: {integrity: sha512-Pysuw9XpUq5dVc/2SMHpuTY01RFl8fttgcyunjL7eEMhGM3cI4eOmiCycJDVCo/7O7ClfQD3SaI6ftDzqOXYMA==}

  iconv-lite@0.4.4:
    resolution: {integrity: sha512-BnjNp13aZpK4WBGbmjaNHN2MCp3P850n8zd/JLinQJ8Lsnq2Br4o2467C2waMsY5kr7Z41SL1gEqh8Vbfzg15A==}
    engines: {node: '>=0.8.0'}

  inherits@2.0.4:
    resolution: {integrity: sha512-k/vGaX4/Yla3WzyMCvTQOXYeIHvqOKtnqBduzTHpzpQZzAskKMhZ2K+EnBiSM9zGSoIFeMpXKxa4dYeZIQqewQ==}

  jade@0.26.3:
    resolution: {integrity: sha512-mkk3vzUHFjzKjpCXeu+IjXeZD+QOTjUUdubgmHtHTDwvAO2ZTkMTTVrapts5CWz3JvJryh/4KWZpjeZrCepZ3A==}
    deprecated: Jade has been renamed to pug, please install the latest version of pug instead of jade
    hasBin: true

  livereload-js@2.4.0:
    resolution: {integrity: sha512-XPQH8Z2GDP/Hwz2PCDrh2mth4yFejwA1OZ/81Ti3LgKyhDcEjsSsqFWZojHG0va/duGd+WyosY7eXLDoOyqcPw==}

  lodash@3.10.1:
    resolution: {integrity: sha512-9mDDwqVIma6OZX79ZlDACZl8sBm0TEnkf99zV3iMA4GzkIT/9hiqP5mY0HoT1iNLCrKc/R1HByV+yJfRWVJryQ==}

  lodash@4.18.1:
    resolution: {integrity: sha512-dMInicTPVE8d1e5otfwmmjlxkZoUpiVLwyeTdUsi/Caj/gfzzblBcCE5sRHV/AsjuCmxWrte2TNGSYuCeCq+0Q==}

  lru-cache@2.7.3:
    resolution: {integrity: sha512-WpibWJ60c3AgAz8a2iYErDrcT2C7OmKnsWhIcHOjkUHFjkXncJhtLxNSqUmxRxRunpb5I8Vprd7aNSd2NtksJQ==}

  media-typer@0.3.0:
    resolution: {integrity: sha512-dq+qelQ9akHpcOl/gUVRTxVIOkAJ1wR3QAvb4RsVjS8oVoFjDGTc679wJYmUmknUF5HwMLOgb5O+a3KxfWapPQ==}
    engines: {node: '>= 0.6'}

  mime-db@1.12.0:
    resolution: {integrity: sha512-5aMAW7I4jZoZB27fXRuekqc4DVvJ7+hM8UcWrNj2mqibE54gXgPSonBYBdQW5hyaVNGmiYjY0ZMqn9fBefWYvA==}
    engines: {node: '>= 0.6'}

  mime-types@2.0.14:
    resolution: {integrity: sha512-2ZHUEstNkIf2oTWgtODr6X0Cc4Ns/RN/hktdozndiEhhAC2wxXejF1FH0XLHTEImE9h6gr/tcnr3YOnSGsxc7Q==}
    engines: {node: '>= 0.6'}

  minimatch@0.3.0:
    resolution: {integrity: sha512-WFX1jI1AaxNTZVOHLBVazwTWKaQjoykSzCBNXB72vDTCzopQGtyP91tKdFK5cv1+qMwPyiTu1HqUriqplI8pcA==}
    deprecated: Please update to minimatch 3.0.2 or higher to avoid a RegExp DoS issue

  minimatch@3.1.5:
    resolution: {integrity: sha512-VgjWUsnnT6n+NUk6eZq77zeFdpW2LWDzP6zFGrCbHXiYNul5Dzqk2HHQ5uFH2DNW5Xbp8+jVzaeNt94ssEEl4w==}

  minimist@0.0.8:
    resolution: {integrity: sha512-miQKw5Hv4NS1Psg2517mV4e4dYNaO3++hjAvLOAzKqZ61rH8NS1SK+vbfBWZ5PY/Me/bEWhUwqMghEW5Fb9T7Q==}

  mkdirp@0.3.0:
    resolution: {integrity: sha512-OHsdUcVAQ6pOtg5JYWpCBo9W/GySVuwvP9hueRMW7UqshC0tbfzLv8wjySTPm3tfUZ/21CE9E1pJagOA91Pxew==}
    deprecated: Legacy versions of mkdirp are no longer supported. Please update to mkdirp 1.x. (Note that the API surface has changed to use Promises in 1.x.)

  mkdirp@0.5.1:
    resolution: {integrity: sha512-SknJC52obPfGQPnjIkXbmA6+5H15E+fR+E4iR2oQ3zzCLbd7/ONua69R/Gw7AgkTLsRG+r5fzksYwWe1AgTyWA==}
    deprecated: Legacy versions of mkdirp are no longer supported. Please update to mkdirp 1.x. (Note that the API surface has changed to use Promises in 1.x.)
    hasBin: true

  mocha@2.5.3:
    resolution: {integrity: sha512-jNt2iEk9FPmZLzL+sm4FNyOIDYXf2wUU6L4Cc8OIKK/kzgMHKPi4YhTZqG4bW4kQVdIv6wutDybRhXfdnujA1Q==}
    engines: {node: '>= 0.8.x'}
    hasBin: true

  ms@0.6.2:
    resolution: {integrity: sha512-/pc3eh7TWorTtbvXg8je4GvrvEqCfH7PA3P7iW01yL2E53FKixzgMBaQi0NOPbMJqY34cBSvR0tZtmlTkdUG4A==}

  ms@0.7.1:
    resolution: {integrity: sha512-lRLiIR9fSNpnP6TC4v8+4OU7oStC01esuNowdQ34L+Gk8e5Puoc88IqJ+XAY/B3Mn2ZKis8l8HX90oU8ivzUHg==}

  on-finished@2.1.0:
    resolution: {integrity: sha512-33+g6TZkplndl+2k2VNO1YphX5hm79DGhBP6TJcDI9o1sCFbUvO2bgxPdGanIFqZK4su6OVLwPHY9GkLQrojgA==}

  parseurl@1.3.3:
    resolution: {integrity: sha512-CiyeOxFT/JZyN5m0z9PfXw4SCBJ6Sygz1Dpl0wqjlhDEGGBP1GnsUVEL0p63hoG1fcj3fHynXi9NYO4nWOL+qQ==}
    engines: {node: '>= 0.8'}

  qs@2.2.4:
    resolution: {integrity: sha512-ptau9CngYR/IimcThDkAs7LzlZhxo92RiMHtLbOq3R6u9iDkixdSysaAVaZpYByrXWWantEJ4fVPl0xR2McSCQ==}

  qs@2.2.5:
    resolution: {integrity: sha512-z/IJSH2F7g7FbYokpSQqLcMAk0VXtR8boQS1EqLxeB7T5xcFK/RuGY0PZbPtF9r151X+a/ZaRauCOok4Xiyjmg==}

  raw-body@1.3.0:
    resolution: {integrity: sha512-iuI1bOSi9tEmVCrXq02ZysXatTrhAu+fSo7XOQHhMo4g87dSy9YB2W/9Udwhz0bPpFk4UcoLhjrHgpPbRD3ktA==}
    engines: {node: '>= 0.8.0'}
    deprecated: No longer maintained. Please upgrade to a stable version.

  safe-buffer@5.2.1:
    resolution: {integrity: sha512-rp3So07KcdmmKbGvgaNxQSJr7bGVSVk5S9Eq1F+ppbRo70+YeaDxkw5Dd8NPN+GD6bjnYm2VuPuCXmpuYvmCXQ==}

  sigmund@1.0.1:
    resolution: {integrity: sha512-fCvEXfh6NWpm+YSuY2bpXb/VIihqWA6hLsgboC+0nl71Q7N7o2eaCW8mJa/NLvQhs6jpd3VZV4UiUQlV6+lc8g==}

  supports-color@1.2.0:
    resolution: {integrity: sha512-mS5xsnjTh5b7f2DM6bch6lR582UCOTphzINlZnDsfpIRrwI6r58rb6YSSGsdexkm8qw2bBVO2ID2fnJOTuLiPA==}
    engines: {node: '>=0.10.0'}
    hasBin: true

  tiny-lr@0.1.7:
    resolution: {integrity: sha512-QBjNXtM95Zjkwjn2SXaa6bPhASdd21Uvf8iZdzaqDEx1HgmPadXdcuH3H6jQzXenIhk3gGh6XA2Ao1WBps2/IA==}

  to-iso-string@0.0.2:
    resolution: {integrity: sha512-oeHLgfWA7d0CPQa6h0+i5DAJZISz5un0d5SHPkw+Untclcvzv9T+AC3CvGXlZJdOlIbxbTfyyzlqCXc5hjpXYg==}
    deprecated: to-iso-string has been deprecated, use @segment/to-iso-string instead.

  type-is@1.5.7:
    resolution: {integrity: sha512-of68V0oUmVH4thGc1cLR3sKdICPsaL7kzpYc7FX1pcagY4eIllhyMqQcoOq289f+xj2orm8oPWwsCwxiCgVJbQ==}
    engines: {node: '>= 0.6'}

  websocket-driver@0.7.5:
    resolution: {integrity: sha512-ZL2+3c7kMBdIRCMz6l8jQMHyGVxj+UL+xVk74Ombiciboca8rHa15L86B19E5oh1pL9Ii/uj54gtsIrZGMo6zA==}
    engines: {node: '>=0.8.0'}

  websocket-extensions@0.1.4:
    resolution: {integrity: sha512-OqedPIGOfsDlo31UNwYbCFMSaO9m9G/0faIHj5/dZFDMFqPTcx6UwqyOy3COEaEOg/9VsGIpdqn62W5KhoKSpg==}
    engines: {node: '>=0.8.0'}

snapshots:

  argr@1.1.7:
    dependencies:
      lodash: 3.10.1

  balanced-match@1.0.2: {}

  body-parser@1.8.4:
    dependencies:
      bytes: 1.0.0
      depd: 0.4.5
      iconv-lite: 0.4.4
      media-typer: 0.3.0
      on-finished: 2.1.0
      qs: 2.2.4
      raw-body: 1.3.0
      type-is: 1.5.7

  brace-expansion@1.1.21:
    dependencies:
      balanced-match: 1.0.2
      concat-map: 0.0.1

  bytes@1.0.0: {}

  colors@1.4.0: {}

  commander@0.6.1: {}

  commander@2.3.0: {}

  concat-map@0.0.1: {}

  debug@2.0.0:
    dependencies:
      ms: 0.6.2

  debug@2.2.0(supports-color@1.2.0):
    dependencies:
      ms: 0.7.1
    optionalDependencies:
      supports-color: 1.2.0

  depd@0.4.5: {}

  diff@1.4.0: {}

  ee-first@1.0.5: {}

  escape-string-regexp@1.0.2: {}

  faye-websocket@0.7.3:
    dependencies:
      websocket-driver: 0.7.5

  glob@3.2.11:
    dependencies:
      inherits: 2.0.4
      minimatch: 0.3.0

  growl@1.9.2: {}

  http-parser-js@0.5.10: {}

  iconv-lite@0.4.4: {}

  inherits@2.0.4: {}

  jade@0.26.3:
    dependencies:
      commander: 0.6.1
      mkdirp: 0.3.0

  livereload-js@2.4.0: {}

  lodash@3.10.1: {}

  lodash@4.18.1: {}

  lru-cache@2.7.3: {}

  media-typer@0.3.0: {}

  mime-db@1.12.0: {}

  mime-types@2.0.14:
    dependencies:
      mime-db: 1.12.0

  minimatch@0.3.0:
    dependencies:
      lru-cache: 2.7.3
      sigmund: 1.0.1

  minimatch@3.1.5:
    dependencies:
      brace-expansion: 1.1.21

  minimist@0.0.8: {}

  mkdirp@0.3.0: {}

  mkdirp@0.5.1:
    dependencies:
      minimist: 0.0.8

  mocha@2.5.3:
    dependencies:
      commander: 2.3.0
      debug: 2.2.0(supports-color@1.2.0)
      diff: 1.4.0
      escape-string-regexp: 1.0.2
      glob: 3.2.11
      growl: 1.9.2
      jade: 0.26.3
      mkdirp: 0.5.1
      supports-color: 1.2.0
      to-iso-string: 0.0.2

  ms@0.6.2: {}

  ms@0.7.1: {}

  on-finished@2.1.0:
    dependencies:
      ee-first: 1.0.5

  parseurl@1.3.3: {}

  qs@2.2.4: {}

  qs@2.2.5: {}

  raw-body@1.3.0:
    dependencies:
      bytes: 1.0.0
      iconv-lite: 0.4.4

  safe-buffer@5.2.1: {}

  sigmund@1.0.1: {}

  supports-color@1.2.0: {}

  tiny-lr@0.1.7:
    dependencies:
      body-parser: 1.8.4
      debug: 2.0.0
      faye-websocket: 0.7.3
      livereload-js: 2.4.0
      parseurl: 1.3.3
      qs: 2.2.5
    transitivePeerDependencies:
      - supports-color

  to-iso-string@0.0.2: {}

  type-is@1.5.7:
    dependencies:
      media-typer: 0.3.0
      mime-types: 2.0.14

  websocket-driver@0.7.5:
    dependencies:
      http-parser-js: 0.5.10
      safe-buffer: 5.2.1
      websocket-extensions: 0.1.4

  websocket-extensions@0.1.4: {}
