lockfileVersion: '9.0'

settings:
  autoInstallPeers: true
  excludeLinksFromLockfile: false

importers:

  .:
    dependencies:
      grunt:
        specifier: ^0.4.5
        version: 0.4.5
      log4js:
        specifier: ^0.6.26
        version: 0.6.38
      mime:
        specifier: ^1.3.4
        version: 1.6.0
      morgan:
        specifier: ^1.6.1
        version: 1.12.1
      underscore:
        specifier: ^1.8.3
        version: 1.13.8

packages:

  abbrev@1.1.1:
    resolution: {integrity: sha512-nne9/IiQ/hzIhY6pdDnbBtz7DjPTKrY00P/zvPSm5pOFkl6xuGrGnXn/VtTNNfNtAfZ9/1RtehkszU9qcTii0Q==}

  argparse@0.1.16:
    resolution: {integrity: sha512-LjmC2dNpdn2L4UzyoaIr11ELYoLn37ZFy9zObrQFHsSuOepeUEMKnM8w5KL4Tnrp2gy88rRuQt6Ky8Bjml+Baw==}

  async@0.1.22:
    resolution: {integrity: sha512-2tEzliJmf5fHNafNwQLJXUasGzQCVctvsNkXmnlELHwypU0p08/rHohYvkqKIjyXpx+0rkrYv6QbhJ+UF4QkBg==}

  basic-auth@2.0.1:
    resolution: {integrity: sha512-NF+epuEdnUYVlGuhaxbbq+dvJttwLnGY+YixlXlME5KpQ5W3CnXA5cVTneY3SPbPDRkcjMbifrwmFYcClgOZeg==}
    engines: {node: '>= 0.8'}

  coffee-script@1.3.3:
    resolution: {integrity: sha512-QjQ1T4BqyHv19k6XSfdhy/QLlIOhywz0ekBUCa9h71zYMJlfDTGan/Z1JXzYkZ6v8R+GhvL/p4FZPbPW8WNXlg==}
    engines: {node: '>=0.4.0'}
    deprecated: CoffeeScript on NPM has moved to "coffeescript" (no hyphen)
    hasBin: true

  colors@0.6.2:
    resolution: {integrity: sha512-OsSVtHK8Ir8r3+Fxw/b4jS1ZLPXkV6ZxDRJQzeD7qo0SqMXWrHDM71DgYzPMHY8SFJ0Ao+nNU2p1MmwdzKqPrw==}
    engines: {node: '>=0.1.90'}

  core-util-is@1.0.3:
    resolution: {integrity: sha512-ZQBvi1DcpJ4GDqanjucZ2Hj3wEO5pZDS89BWbkcrvdxksJorwUDDZamX9ldFkp9aw2lmBDLgkObEA4DWNJ9FYQ==}

  dateformat@1.0.2-1.2.3:
    resolution: {integrity: sha512-AXvW8g7tO4ilk5HgOWeDmPi/ZPaCnMJ+9Cg1I3p19w6mcvAAXBuuGEXAxybC+Djj1PSZUiHUcyoYu7WneCX8gQ==}

  debug@2.6.9:
    resolution: {integrity: sha512-bC7ElrdJaJnPbAP+1EotYvqZsb3ecl5wi6Bfi6BJTUcNowp6cvspg0jXznRTKDjm/E7AdgFBVeAPVMNcKGsHMA==}
    peerDependencies:
      supports-color: '*'
    peerDependenciesMeta:
      supports-color:
        optional: true

  depd@2.0.0:
    resolution: {integrity: sha512-g7nH6P6dyDioJogAAGprGpCtVImJhpPk/roCzdb3fIh61/s/nPsfR6onyMwkCAR/OlC3yBC0lESvUoQEAssIrw==}
    engines: {node: '>= 0.8'}

  ee-first@1.1.1:
    resolution: {integrity: sha512-WMwm9LhRUo+WUaRN+vRuETqG89IgZphVSNkdFgeb6sS/E4OrDIN7t48CAewSHXc6C8lefD8KKfr5vY61brQlow==}

  esprima@1.0.4:
    resolution: {integrity: sha512-rp5dMKN8zEs9dfi9g0X1ClLmV//WRyk/R15mppFNICIFRG5P92VP7Z04p8pk++gABo9W2tY+kHyu6P1mEHgmTA==}
    engines: {node: '>=0.4.0'}
    hasBin: true

  eventemitter2@0.4.14:
    resolution: {integrity: sha512-K7J4xq5xAD5jHsGM5ReWXRTFa3JRGofHiMcVgQ8PRwgWxzjHpMWCIzsmyf60+mh8KLsqYPcjUMa0AC4hd6lPyQ==}

  exit@0.1.2:
    resolution: {integrity: sha512-Zk/eNKV2zbjpKzrsQ+n1G6poVbErQxJ0LBOJXaKZ1EViLzH+hrLu9cdXI4zw9dBQJslwBEpbQ2P1oS7nDxs6jQ==}
    engines: {node: '>= 0.8.0'}

  findup-sync@0.1.3:
    resolution: {integrity: sha512-yjftfYnF4ThYEvKEV/kEFR15dmtyXTAh3vQnzpJUoc7Naj5y1P0Ck7Zs1+Vroa00E3KT3IYsk756S+8WA5dNLw==}
    engines: {node: '>= 0.6.0'}

  getobject@0.1.0:
    resolution: {integrity: sha512-hIGEBfnHcZpWkXPsAVeVmpYDvfy/matVl03yOY91FPmnpCC12Lm5izNxCjO3lHAeO6uaTwMxu7g450Siknlhig==}
    engines: {node: '>= 0.8.0'}

  glob@3.1.21:
    resolution: {integrity: sha512-ANhy2V2+tFpRajE3wN4DhkNQ08KDr0Ir1qL12/cUe5+a7STEK8jkW4onUYuY8/06qAFuT5je7mjAqzx0eKI2tQ==}
    deprecated: Old versions of glob are not supported, and contain widely publicized security vulnerabilities, which have been fixed in the current version. Please update. Support for old versions may be purchased (at exorbitant rates) by contacting i@izs.me

  glob@3.2.11:
    resolution: {integrity: sha512-hVb0zwEZwC1FXSKRPFTeOtN7AArJcJlI6ULGLtrstaswKNlrTJqAA+1lYlSUop4vjA423xlBzqfVS3iWGlqJ+g==}
    deprecated: Old versions of glob are not supported, and contain widely publicized security vulnerabilities, which have been fixed in the current version. Please update. Support for old versions may be purchased (at exorbitant rates) by contacting i@izs.me

  graceful-fs@1.2.3:
    resolution: {integrity: sha512-iiTUZ5vZ+2ZV+h71XAgwCSu6+NAizhFU3Yw8aC/hH5SQ3SnISqEqAek40imAFGtDcwJKNhXvSY+hzIolnLwcdQ==}
    engines: {node: '>=0.4.0'}
    deprecated: please upgrade to graceful-fs 4 for compatibility with current and future versions of Node.js

  grunt-legacy-log-utils@0.1.1:
    resolution: {integrity: sha512-D0vbUX00TFYCKNZtcZzemMpwT8TR/FdRs1pmfiBw6qnUw80PfsjV+lhIozY/3eJ3PSG2zj89wd2mH/7f4tNAlw==}
    engines: {node: '>= 0.8.0'}

  grunt-legacy-log@0.1.3:
    resolution: {integrity: sha512-qYs/uM0ImdzwIXLhS4O5WLV5soAM+PEqqHI/hzSxlo450ERSccEhnXqoeDA9ZozOdaWuYnzTOTwRcVRogleMxg==}
    engines: {node: '>= 0.8.0'}

  grunt-legacy-util@0.2.0:
    resolution: {integrity: sha512-cXPbfF8aM+pvveQeN1K872D5fRm30xfJWZiS63Y8W8oyIPLClCsmI8bW96Txqzac9cyL4lRqEBhbhJ3n5EzUUQ==}
    engines: {node: '>= 0.8.0'}

  grunt@0.4.5:
    resolution: {integrity: sha512-1iq3ylLjzXqz/KSq1OAE2qhnpcbkF2WyhsQcavZt+YmgvHu0EbPMEhGhy2gr0FP67isHpRdfwjB5WVeXXcJemQ==}
    engines: {node: '>= 0.8.0'}

  hooker@0.2.3:
    resolution: {integrity: sha512-t+UerCsQviSymAInD01Pw+Dn/usmz1sRO+3Zk1+lx8eg+WKpD2ulcwWqHHL0+aseRBr+3+vIhiG1K1JTwaIcTA==}

  iconv-lite@0.2.11:
    resolution: {integrity: sha512-KhmFWgaQZY83Cbhi+ADInoUQ8Etn6BG5fikM9syeOjQltvR45h7cRKJ/9uvQEuD61I3Uju77yYce0/LhKVClQw==}
    engines: {node: '>=0.4.0'}

  inherits@1.0.2:
    resolution: {integrity: sha512-Al67oatbRSo3RV5hRqIoln6Y5yMVbJSIn4jEJNL7VCImzq/kLr7vvb6sFRJXqr8rpHc/2kJOM+y0sPKN47VdzA==}

  inherits@2.0.4:
    resolution: {integrity: sha512-k/vGaX4/Yla3WzyMCvTQOXYeIHvqOKtnqBduzTHpzpQZzAskKMhZ2K+EnBiSM9zGSoIFeMpXKxa4dYeZIQqewQ==}

  isarray@0.0.1:
    resolution: {integrity: sha512-D2S+3GLxWH+uhrNEcoh/fnmYeP8E8/zHl644d/jdA0g2uyXvy3sb0qxotE+ne0LtccHknQzWwZEzhak7oJ0COQ==}

  js-yaml@2.0.5:
    resolution: {integrity: sha512-VEKcIksckDBUhg2JS874xVouiPkywVUh4yyUmLCDe1Zg3bCd6M+F1eGPenPeHLc2XC8pp9G8bsuofK0NeEqRkA==}
    engines: {node: '>= 0.6.0'}
    hasBin: true

  lodash@0.9.2:
    resolution: {integrity: sha512-LVbt/rjK62gSbhehDVKL0vlaime4Y1IBixL+bKeNfoY4L2zab/jGrxU6Ka05tMA/zBxkTk5t3ivtphdyYupczw==}
    engines: {'0': node, '1': rhino}

  lodash@2.4.2:
    resolution: {integrity: sha512-Kak1hi6/hYHGVPmdyiZijoQyz5x2iGVzs6w9GYB/HiXEtylY7tIoYEROMjvM1d9nXJqPOrG2MNPMn01bJ+S0Rw==}
    engines: {'0': node, '1': rhino}

  log4js@0.6.38:
    resolution: {integrity: sha512-Cd+klbx7lkiaamEId9/0odHxv/PFHDz2E12kEfd6/CzIOZD084DzysASR/Dot4i1dYPBQKC3r2XIER+dfbLOmw==}
    engines: {node: '>=0.8'}
    deprecated: 0.x is no longer supported. Please upgrade to 6.x or higher.

  lru-cache@2.7.3:
    resolution: {integrity: sha512-WpibWJ60c3AgAz8a2iYErDrcT2C7OmKnsWhIcHOjkUHFjkXncJhtLxNSqUmxRxRunpb5I8Vprd7aNSd2NtksJQ==}

  mime@1.6.0:
    resolution: {integrity: sha512-x0Vn8spI+wuJ1O6S7gnbaQg8Pxh4NNHb7KSINmEWKiPE4RKOplvijn+NkmYmmRgP68mc70j2EbeTFRsrswaQeg==}
    engines: {node: '>=4'}
    hasBin: true

  minimatch@0.2.14:
    resolution: {integrity: sha512-zZ+Jy8lVWlvqqeM8iZB7w7KmQkoJn8djM585z88rywrEbzoqawVa9FR5p2hwD+y74nfuKOjmNvi9gtWJNLqHvA==}
    deprecated: Please update to minimatch 3.0.2 or higher to avoid a RegExp DoS issue

  minimatch@0.3.0:
    resolution: {integrity: sha512-WFX1jI1AaxNTZVOHLBVazwTWKaQjoykSzCBNXB72vDTCzopQGtyP91tKdFK5cv1+qMwPyiTu1HqUriqplI8pcA==}
    deprecated: Please update to minimatch 3.0.2 or higher to avoid a RegExp DoS issue

  morgan@1.12.1:
    resolution: {integrity: sha512-tljKC0ex20AjO58Ob/eZ53JloycbVswbVNCHx6V6VLGzqt/w8dIynVGL0G8qVjNKwiA7sYSogCrN6QtJ82IV+g==}
    engines: {node: '>= 0.8.0'}

  ms@2.0.0:
    resolution: {integrity: sha512-Tpp60P6IUJDTuOq/5Z8cdskzJujfwqfOTkrwIwj7IRISpnkJnT6SyJ4PCPnGMoFjC9ddhal5KVIYtAt97ix05A==}

  nopt@1.0.10:
    resolution: {integrity: sha512-NWmpvLSqUrgrAC9HCuxEvb+PSloHpqVu+FqcO4eeF2h5qYRhA7ev6KvelyQAKtegUbC6RypJnlEOhd8vloNKYg==}
    hasBin: true

  on-finished@2.4.1:
    resolution: {integrity: sha512-oVlzkg3ENAhCk2zdv7IJwd/QUD4z2RxRwpkcGY8psCVcCYZNq4wYnVWALHM+brtuJjePWiYF/ClmuDr8Ch5+kg==}
    engines: {node: '>= 0.8'}

  on-headers@1.1.0:
    resolution: {integrity: sha512-737ZY3yNnXy37FHkQxPzt4UZ2UWPWiCZWLvFZ4fu5cueciegX0zGPnrlY6bwRg4FdQOe9YU8MkmJwGhoMybl8A==}
    engines: {node: '>= 0.8'}

  readable-stream@1.0.34:
    resolution: {integrity: sha512-ok1qVCJuRkNmvebYikljxJA/UEsKwLl2nI1OmaqAu4/UE+h0wKCHok4XkL/gvi39OacXvw59RJUOFUkDib2rHg==}

  rimraf@2.2.8:
    resolution: {integrity: sha512-R5KMKHnPAQaZMqLOsyuyUmcIjSeDm+73eoqQpaXA7AZ22BL+6C+1mcUscgOsNd8WVlJuvlgAPsegcx7pjlV0Dg==}
    deprecated: Rimraf versions prior to v4 are no longer supported
    hasBin: true

  safe-buffer@5.1.2:
    resolution: {integrity: sha512-Gd2UZBJDkXlY7GbJxfsE8/nvKkUEU1G38c1siN6QP6a9PT9MmHB8GnpscSmMJSoF8LOIrt8ud/wPtojys4G6+g==}

  semver@4.3.6:
    resolution: {integrity: sha512-IrpJ+yoG4EOH8DFWuVg+8H1kW1Oaof0Wxe7cPcXW3x9BjkN/eVo54F15LyqemnDIUYskQWr9qvl/RihmSy6+xQ==}
    hasBin: true

  sigmund@1.0.1:
    resolution: {integrity: sha512-fCvEXfh6NWpm+YSuY2bpXb/VIihqWA6hLsgboC+0nl71Q7N7o2eaCW8mJa/NLvQhs6jpd3VZV4UiUQlV6+lc8g==}

  string_decoder@0.10.31:
    resolution: {integrity: sha512-ev2QzSzWPYmy9GuqfIVildA4OdcGLeFZQrq5ys6RtiuF+RQQiZWr8TZNyAcuVXyQRYfEO+MsoB/1BuQVhOJuoQ==}

  underscore.string@2.2.1:
    resolution: {integrity: sha512-3FVmhXqelrj6gfgp3Bn6tOavJvW0dNH2T+heTD38JRxIrAbiuzbqjknszoOYj3DyFB1nWiLj208Qt2no/L4cIA==}

  underscore.string@2.3.3:
    resolution: {integrity: sha512-hbD5MibthuDAu4yA5wxes5bzFgqd3PpBJuClbRxaNddxfdsz+qf+1kHwrGQFrmchmDHb9iNU+6EHDn8uj0xDJg==}

  underscore.string@2.4.0:
    resolution: {integrity: sha512-yxkabuCaIBnzfIvX3kBxQqCs0ar/bfJwDnFEHJUm/ZrRVhT3IItdRF5cZjARLzEnyQYtIUhsZ2LG2j3HidFOFQ==}

  underscore@1.13.8:
    resolution: {integrity: sha512-DXtD3ZtEQzc7M8m4cXotyHR+FAS18C64asBYY5vqZexfYryNNnDc02W4hKg3rdQuqOYas1jkseX0+nZXjTXnvQ==}

  underscore@1.7.0:
    resolution: {integrity: sha512-cp0oQQyZhUM1kpJDLdGO1jPZHgS/MpzoWYfe9+CM2h/QGDZlqwT2T3YGukuBdaNJ/CAPoeyAZRRHz8JFo176vA==}

  which@1.0.9:
    resolution: {integrity: sha512-E87fdQ/eRJr9W1X4wTPejNy9zTW3FI2vpCZSJ/HAY+TkjKVC0TUm1jk6vn2Z7qay0DQy0+RBGdXxj+RmmiGZKQ==}
    hasBin: true

snapshots:

  abbrev@1.1.1: {}

  argparse@0.1.16:
    dependencies:
      underscore: 1.7.0
      underscore.string: 2.4.0

  async@0.1.22: {}

  basic-auth@2.0.1:
    dependencies:
      safe-buffer: 5.1.2

  coffee-script@1.3.3: {}

  colors@0.6.2: {}

  core-util-is@1.0.3: {}

  dateformat@1.0.2-1.2.3: {}

  debug@2.6.9:
    dependencies:
      ms: 2.0.0

  depd@2.0.0: {}

  ee-first@1.1.1: {}

  esprima@1.0.4: {}

  eventemitter2@0.4.14: {}

  exit@0.1.2: {}

  findup-sync@0.1.3:
    dependencies:
      glob: 3.2.11
      lodash: 2.4.2

  getobject@0.1.0: {}

  glob@3.1.21:
    dependencies:
      graceful-fs: 1.2.3
      inherits: 1.0.2
      minimatch: 0.2.14

  glob@3.2.11:
    dependencies:
      inherits: 2.0.4
      minimatch: 0.3.0

  graceful-fs@1.2.3: {}

  grunt-legacy-log-utils@0.1.1:
    dependencies:
      colors: 0.6.2
      lodash: 2.4.2
      underscore.string: 2.3.3

  grunt-legacy-log@0.1.3:
    dependencies:
      colors: 0.6.2
      grunt-legacy-log-utils: 0.1.1
      hooker: 0.2.3
      lodash: 2.4.2
      underscore.string: 2.3.3

  grunt-legacy-util@0.2.0:
    dependencies:
      async: 0.1.22
      exit: 0.1.2
      getobject: 0.1.0
      hooker: 0.2.3
      lodash: 0.9.2
      underscore.string: 2.2.1
      which: 1.0.9

  grunt@0.4.5:
    dependencies:
      async: 0.1.22
      coffee-script: 1.3.3
      colors: 0.6.2
      dateformat: 1.0.2-1.2.3
      eventemitter2: 0.4.14
      exit: 0.1.2
      findup-sync: 0.1.3
      getobject: 0.1.0
      glob: 3.1.21
      grunt-legacy-log: 0.1.3
      grunt-legacy-util: 0.2.0
      hooker: 0.2.3
      iconv-lite: 0.2.11
      js-yaml: 2.0.5
      lodash: 0.9.2
      minimatch: 0.2.14
      nopt: 1.0.10
      rimraf: 2.2.8
      underscore.string: 2.2.1
      which: 1.0.9

  hooker@0.2.3: {}

  iconv-lite@0.2.11: {}

  inherits@1.0.2: {}

  inherits@2.0.4: {}

  isarray@0.0.1: {}

  js-yaml@2.0.5:
    dependencies:
      argparse: 0.1.16
      esprima: 1.0.4

  lodash@0.9.2: {}

  lodash@2.4.2: {}

  log4js@0.6.38:
    dependencies:
      readable-stream: 1.0.34
      semver: 4.3.6

  lru-cache@2.7.3: {}

  mime@1.6.0: {}

  minimatch@0.2.14:
    dependencies:
      lru-cache: 2.7.3
      sigmund: 1.0.1

  minimatch@0.3.0:
    dependencies:
      lru-cache: 2.7.3
      sigmund: 1.0.1

  morgan@1.12.1:
    dependencies:
      basic-auth: 2.0.1
      debug: 2.6.9
      depd: 2.0.0
      on-finished: 2.4.1
      on-headers: 1.1.0
    transitivePeerDependencies:
      - supports-color

  ms@2.0.0: {}

  nopt@1.0.10:
    dependencies:
      abbrev: 1.1.1

  on-finished@2.4.1:
    dependencies:
      ee-first: 1.1.1

  on-headers@1.1.0: {}

  readable-stream@1.0.34:
    dependencies:
      core-util-is: 1.0.3
      inherits: 2.0.4
      isarray: 0.0.1
      string_decoder: 0.10.31

  rimraf@2.2.8: {}

  safe-buffer@5.1.2: {}

  semver@4.3.6: {}

  sigmund@1.0.1: {}

  string_decoder@0.10.31: {}

  underscore.string@2.2.1: {}

  underscore.string@2.3.3: {}

  underscore.string@2.4.0: {}

  underscore@1.13.8: {}

  underscore@1.7.0: {}

  which@1.0.9: {}
