lockfileVersion: '9.0'

settings:
  autoInstallPeers: true
  excludeLinksFromLockfile: false

importers:

  .:
    dependencies:
      bluebird:
        specifier: ~1.0.0
        version: 1.0.8
      circular-json:
        specifier: ~0.1.5
        version: 0.1.6
      commander:
        specifier: ~2.1.0
        version: 2.1.0
      dottie:
        specifier: 0.1.0
        version: 0.1.0
      generic-pool:
        specifier: 2.0.4
        version: 2.0.4
      lingo:
        specifier: ~0.0.5
        version: 0.0.5
      lodash:
        specifier: ~2.4.0
        version: 2.4.2
      moment:
        specifier: ~2.5.0
        version: 2.5.1
      node-uuid:
        specifier: ~1.4.1
        version: 1.4.8
      sql:
        specifier: ~0.35.0
        version: 0.35.0
      toposort-class:
        specifier: ~0.3.0
        version: 0.3.1
      underscore.string:
        specifier: ~2.3.0
        version: 2.3.3
      validator:
        specifier: ~3.2.0
        version: 3.2.1
    devDependencies:
      async:
        specifier: ~0.2.10
        version: 0.2.10
      chai:
        specifier: ~1.9.0
        version: 1.9.2
      chai-datetime:
        specifier: ~1.1.1
        version: 1.1.2
      chai-spies:
        specifier: ~0.5.1
        version: 0.5.1
      coffee-script:
        specifier: ~1.7.1
        version: 1.7.1
      coveralls:
        specifier: ~2.7.1
        version: 2.7.1
      istanbul:
        specifier: ~0.1.45
        version: 0.1.46
      lcov-result-merger:
        specifier: 0.0.2
        version: 0.0.2
      mariasql:
        specifier: 0.1.20
        version: 0.1.20
      mocha:
        specifier: ~1.17.0
        version: 1.17.1
      mysql:
        specifier: 2.0.1
        version: 2.0.1
      pg:
        specifier: ~2.8.1
        version: 2.8.5
      sinon:
        specifier: ~1.8.1
        version: 1.8.2
      sqlite3:
        specifier: ~2.1.12
        version: 2.1.19
      watchr:
        specifier: ~2.4.11
        version: 2.4.13

packages:

  abbrev@1.0.9:
    resolution: {integrity: sha512-LEyx4aLEC3x6T0UguF6YILf+ntvmOaWsVfENmIW0E9H09vKlLDGelMjjSm0jkDHALj8A8quZ/HapKNigzwge+Q==}

  ambi@2.5.0:
    resolution: {integrity: sha512-5nS0gYMPNgZz/UALDHMStcwO42youpIWBQVbI92vV5j0+2bMxv/iVqearrLu3/f0XaU6xVIbf3RRtDxOcHxSkw==}
    engines: {node: '>=0.12'}

  amdefine@1.0.1:
    resolution: {integrity: sha512-S2Hw0TtNkMJhIabBwIojKL9YHO5T0n5eNqWJ7Lrlel/zDbftQpxpapi8tZs3X1HWa+u+QeydGmzzNU0m09+Rcg==}
    engines: {node: '>=0.4.2'}

  assertion-error@1.0.0:
    resolution: {integrity: sha512-g/gZV+G476cnmtYI+Ko9d5khxSoCSoom/EaNmmCfwpOvBXEJ18qwFrxfP1/CsIqk2no1sAKKwxndV0tP7ROOFQ==}

  async@0.2.10:
    resolution: {integrity: sha512-eAkdoKxU6/LkKDBzLpT+t6Ff5EtfSF4wx1WfJiPEEV7WNLnDaRXk0oVysiEPm262roaachGexwUv94WhSgN5TQ==}

  aws-sign@0.2.1:
    resolution: {integrity: sha512-cQFl6jK/Lq416OqpT+lb1RIay1wShuQjHF3/kAJbyMvruV8vSpDahaGNkbeupdGRgXR8Ii0O/ZIbTQPdp+l3pA==}
    deprecated: Incorrectly published ES6 version into the 0.x branch

  bignumber.js@1.0.1:
    resolution: {integrity: sha512-n4iyPePss4bEyE0Xk+3yMqRHcncPgPicSQ+UsxDo/xB+wt75LEUNEU75kF7I8s3V5SLjR22T4x5PalIhIZncBw==}

  bluebird@1.0.8:
    resolution: {integrity: sha512-e8rlJcByuxPdMiiwU3lGtENflMtUncAblzSlN7rBAZ9ygb75D/rng3Xt5FbZpYqVCzK+sFHVIMht4G6fbfUfbA==}

  boom@0.3.8:
    resolution: {integrity: sha512-wTAE8aPTB971DLEE1Xfaw/5uSDqm7wGEJqUIza150BTelZieRvvzkLZO7fK3BeaiYClpJ5OYunQHqp5Jp7xrSQ==}
    engines: {node: 0.8.x}
    deprecated: This version has been deprecated in accordance with the hapi support policy (hapi.im/support). Please upgrade to the latest version to get the best features, bug fixes, and security patches. If you are unable to upgrade at this time, paid support is available for older versions (hapi.im/commercial).

  buffer-writer@1.0.0:
    resolution: {integrity: sha512-EwqHsY9HX59gLKIDAnnsa8G9FFdD7OlTZ6kVj0BXM1WSguvxH4g2FQPaWHtfT6EFWff5ISMr4fH1cZHvne/xWA==}

  chai-datetime@1.1.2:
    resolution: {integrity: sha512-AZMcc8noObrKMWHuQ9z3j+v5z61rqXlr5LH1r216wwc2Gsg7B8Xbtlr6XniyOB51wkw319HCKfqbhP/8aHMDaA==}

  chai-spies@0.5.1:
    resolution: {integrity: sha512-TbZyuctcqmzFKAflqfZUR5aMdDhDvY+khmF4YUmajC43HwbtXKbdNLLT5/fPR1BZaKTfanEEJTu7q57g0+UVCQ==}
    engines: {node: '>= 0.4.0'}

  chai@1.2.0:
    resolution: {integrity: sha512-A3epQNQAAzxmEWVUh6LUhrJsl6f5irEQGSVv3Ij/pI8lU8jHQBTl+e3GKWpYWHp32Pgp2EFdSisihnG12H3Tbg==}
    engines: {node: '>= 0.4.0'}

  chai@1.9.2:
    resolution: {integrity: sha512-olRoaitftnzWHFEAza6MXR4w+FfZrOVyV7r7U/Z8ObJefCgL8IuWkAuASJjSXrpP9wvgoL8+1dB9RbMLc2FkNg==}
    engines: {node: '>= 0.4.0'}

  circular-json@0.1.6:
    resolution: {integrity: sha512-bxW0qH+LrPPbbuKTcbvKCcWOg/Z6qeKv9wQngFjUGNQ6AvBgdNncwO/QFBAuStInwR9WvaY0VV5qoYY5aWhjmQ==}
    deprecated: CircularJSON is in maintenance only, flatted is its successor.

  coffee-script@1.7.1:
    resolution: {integrity: sha512-W3s+SROY73OmrSGtPTTW/2wp2rmW5vuh0/tUuCK1NvTuyzLOVPccIP9whmhZ4cYWcr2NJPNENZIFaAMkTD5G3w==}
    engines: {node: '>=0.8.0'}
    deprecated: CoffeeScript on NPM has moved to "coffeescript" (no hyphen)
    hasBin: true

  combined-stream@0.0.7:
    resolution: {integrity: sha512-qfexlmLp9MyrkajQVyjEDb0Vj+KhRgR/rxLiVhaihlT+ZkX0lReqtH6Ack40CvMDERR4b5eFp3CreskpBs1Pig==}
    engines: {node: '>= 0.8'}

  commander@0.6.1:
    resolution: {integrity: sha512-0fLycpl1UMTGX257hRsu/arL/cUbcvQM4zMKwvLvzXtfdezIV4yotPS2dYtknF+NmEfWSoCEF6+hj9XLm/6hEw==}
    engines: {node: '>= 0.4.x'}

  commander@2.0.0:
    resolution: {integrity: sha512-qebjpyeaA/nJ4w3EO2cV2++/zEkccPnjWogzA2rff+Lk8ILI75vULeTmyd4wPxWdKwtP3J+G39IXVZadh0UHyw==}
    engines: {node: '>= 0.6.x'}

  commander@2.1.0:
    resolution: {integrity: sha512-J2wnb6TKniXNOtoHS8TSrG9IOQluPrsmyAJ8oCUJOBmv+uLBCyPYAZkD2jFvw2DCzIXNnISIM01NIvr35TkBMQ==}
    engines: {node: '>= 0.6.x'}

  cookie-jar@0.2.0:
    resolution: {integrity: sha512-yImk9AY90xjoUsN2fWHoIhVgveXqiZv7LDqUTZEzVBHyzfay8AjcJITUZpz2fTYLh6rnP+7GogiuRCo/5j2epg==}

  core-util-is@1.0.3:
    resolution: {integrity: sha512-ZQBvi1DcpJ4GDqanjucZ2Hj3wEO5pZDS89BWbkcrvdxksJorwUDDZamX9ldFkp9aw2lmBDLgkObEA4DWNJ9FYQ==}

  coveralls@2.7.1:
    resolution: {integrity: sha512-puIFErSKmitmEXWc0z6tyYJtcQfcF5jndd5Ch0t4XBc9u+gLuzVCexhIOUpKPuCEcNJ1iMZM1Kzv3hXKunbBuw==}
    engines: {node: '>=0.8.6'}
    hasBin: true

  cryptiles@0.1.3:
    resolution: {integrity: sha512-YI0PphzKlfxoNvaUPpkf8x+TUssMJimL1pPIEgj+8WSx0PQtfesYms/dua8Rn+KZWqoCL4AxcxHZJS9nd/oLPw==}
    engines: {node: 0.8.x}
    deprecated: This version has been deprecated in accordance with the hapi support policy (hapi.im/support). Please upgrade to the latest version to get the best features, bug fixes, and security patches. If you are unable to upgrade at this time, paid support is available for older versions (hapi.im/commercial).

  csextends@1.2.0:
    resolution: {integrity: sha512-S/8k1bDTJIwuGgQYmsRoE+8P+ohV32WhQ0l4zqrc0XDdxOhjQQD7/wTZwCzoZX53jSX3V/qwjT+OkPTxWQcmjg==}
    engines: {node: '>=0.8'}

  debug@4.4.3:
    resolution: {integrity: sha512-RGwwWnwQvkVfavKVt22FGLw+xYSdzARwm0ru6DhTVA3umU5hZc28V3kO4stgYryrTlLpuvgI9GiijltAjNbcqA==}
    engines: {node: '>=6.0'}
    peerDependencies:
      supports-color: '*'
    peerDependenciesMeta:
      supports-color:
        optional: true

  deep-eql@0.1.3:
    resolution: {integrity: sha512-6sEotTRGBFiNcqVoeHwnfopbSpi5NbH1VWJmYCVkmxMmaVTT0bUTrNaGyBwhgP4MZL012W/mkzIn3Da+iDYweg==}

  delayed-stream@0.0.5:
    resolution: {integrity: sha512-v+7uBd1pqe5YtgPacIIbZ8HuHeLFVNe4mUEyFDXL6KiqzEykjbw+5mXZXpGFgNVasdL4jWKgaKIXrEHiynN1LA==}
    engines: {node: '>=0.4.0'}

  diff@1.0.7:
    resolution: {integrity: sha512-0bTLzyr1S59cPsgAD/lR+ivvHTbgPb+k/mUR6WGqma1J6QDU+kUegI8uQFuH/cMUNK7JGN3Tk1Y5Jf2MO85WrA==}
    engines: {node: '>=0.3.1'}

  dottie@0.1.0:
    resolution: {integrity: sha512-Tnx8L5FZFS6fbUMsk/NIVMrg+RI4t7wO5r+MzBEC3gr3yVAzPKt62ZDcQK6NsYg70Q20i1YU4LnLYb1S7Dud+A==}
    deprecated: Package no longer supported. Contact Support at https://www.npmjs.com/support for more info.

  eachr@2.0.4:
    resolution: {integrity: sha512-ImdMB5wEdN+M1VNte4NiYmH7FBJ/D27aOeYuqR3zuBRqwMeqtqPJvIqckzQzXT5s9nDMysV3bkE+zB6ezKhphg==}
    engines: {node: '>=0.4'}

  editions@1.3.4:
    resolution: {integrity: sha512-gzao+mxnYDzIysXKMQi/+M1mjy/rjestjg6OPoYTtI+3Izp23oiGZitsl9lPDPiTGXbcSIk1iJWhliSaglxnUg==}
    engines: {node: '>=0.8'}

  editions@2.3.1:
    resolution: {integrity: sha512-ptGvkwTvGdGfC0hfhKg0MT+TRLRKGtUiWGBInxOm5pz7ssADezahjCUaYuZ8Dr+C05FW0AECIIPt4WBxVINEhA==}
    engines: {node: '>=0.8'}

  errlop@2.2.0:
    resolution: {integrity: sha512-e64Qj9+4aZzjzzFpZC7p5kmm/ccCrbLhAJplhsDXQFs87XTsXwOpH4s1Io2s90Tau/8r2j9f4l/thhDevRjzxw==}
    engines: {node: '>=0.8'}

  escodegen@0.0.23:
    resolution: {integrity: sha512-IKgIOsZGaPEj6oD2MDbXsB5zC5U9y+D0KnnJqym7POG8mCGeuGKh1SF7ECxXx7ZFJYStEz4inNMGFTmCmaSlew==}
    engines: {node: '>=0.4.0'}
    hasBin: true

  esprima@1.0.4:
    resolution: {integrity: sha512-rp5dMKN8zEs9dfi9g0X1ClLmV//WRyk/R15mppFNICIFRG5P92VP7Z04p8pk++gABo9W2tY+kHyu6P1mEHgmTA==}
    engines: {node: '>=0.4.0'}
    hasBin: true

  estraverse@0.0.4:
    resolution: {integrity: sha512-21DfBCsFJGb3HZr0vEBH1Wk1tGSbbzA8I/xtSSoy/pRtupHv0OgBmObcNGXM3ec6/pOXTOOUYY9/5bfluzz0sw==}
    engines: {node: '>=0.4.0'}

  extendr@2.1.0:
    resolution: {integrity: sha512-1/5QFpiAAjnwGI3X9BvOSysH71f+GJLT5BNtsj9FWGhiK3BEup+TpJM+bPhWWqcLTyXW5tOOH/1tytm1Ts7JdQ==}
    engines: {node: '>=0.4'}

  extract-opts@2.2.0:
    resolution: {integrity: sha512-6DLdrGn/6m2K0Rf/sMnFi/WqB5WPBeFR2nxpi2iwsf+PnXFuiz+5m0+m0YOcfFEoV4vFxl4kxZj8OG45vMp+pw==}
    engines: {node: '>=0.4'}

  fileset@0.1.8:
    resolution: {integrity: sha512-Gg0/Iy/v4BfdGWZpbpVBPKIYcap7jMn2uT5lcIDZyMFZR35VDojrJnIAwWjCj7ZOqsGp3j+ExWKqnfGrz4q0fg==}

  forever-agent@0.2.0:
    resolution: {integrity: sha512-IasWSRIlfPnBZY1K9jEUK3PwsScR4mrcK+aNBJzGoPnW+S9b6f8I8ScyH4cehEOFNqnjGpP2gCaA22gqSV1xQA==}

  form-data@0.0.10:
    resolution: {integrity: sha512-Z9/PpT/agxXi80nMpOH6GFD7XOr6mwk5aWMxDt/KMY+Nm7e4FnRMjddM4/mLPJhpmp6alY1F/1JQpRE6z07xng==}
    engines: {node: '>= 0.6'}

  formatio@1.0.2:
    resolution: {integrity: sha512-db27e1R5chXs7pZcJAh7aPC5iJRKRuCJEUF0cFWBdfG/Q0ZMehLg+dbibkXU5uyNM5AjmwBma8PkloxR+l2I1w==}
    deprecated: This package is unmaintained. Use @sinonjs/formatio instead

  generic-pool@2.0.3:
    resolution: {integrity: sha512-qwe9t29nCJou+hzC/UYjvyD1wjV202h5/JA623JleLxYjmKsdKYC2OLqx5o5bCr1aqbwILSlBquCqebOTqiEPA==}
    engines: {node: '>= 0.2.0'}

  generic-pool@2.0.4:
    resolution: {integrity: sha512-xcsu0Ilg9g5C1uGgx6AriaM+3i5kSrFQ40SFjE4db27Saxq+yoI2QqMa+zmpd4xeoVmtwUD3sc9mQSaQszHuaA==}
    engines: {node: '>= 0.2.0'}

  glob@3.2.11:
    resolution: {integrity: sha512-hVb0zwEZwC1FXSKRPFTeOtN7AArJcJlI6ULGLtrstaswKNlrTJqAA+1lYlSUop4vjA423xlBzqfVS3iWGlqJ+g==}
    deprecated: Old versions of glob are not supported, and contain widely publicized security vulnerabilities, which have been fixed in the current version. Please update. Support for old versions may be purchased (at exorbitant rates) by contacting i@izs.me

  glob@3.2.3:
    resolution: {integrity: sha512-WPaLsMHD1lYEqAmIQI6VOJSPwuBdGShDWnj1yUo0vQqEO809R8W3LM9OVU13CnnDhyv/EiNwOtxEW74SmrzS6w==}
    deprecated: Old versions of glob are not supported, and contain widely publicized security vulnerabilities, which have been fixed in the current version. Please update. Support for old versions may be purchased (at exorbitant rates) by contacting i@izs.me

  graceful-fs@2.0.3:
    resolution: {integrity: sha512-hcj/NTUWv+C3MbqrVb9F+aH6lvTwEHJdx2foBxlrVq5h6zE8Bfu4pv4CAAqbDcZrw/9Ak5lsRXlY9Ao8/F0Tuw==}
    engines: {node: '>=0.4.0'}
    deprecated: please upgrade to graceful-fs 4 for compatibility with current and future versions of Node.js

  graceful-fs@4.2.11:
    resolution: {integrity: sha512-RbJ5/jmFcNNCcDV5o9eTnBLJ/HszWV0P73bc+Ff4nS/rJj+YaS6IGyiOL0VoBYX+l1Wrl3k63h/KrH+nhJ0XvQ==}

  growl@1.7.0:
    resolution: {integrity: sha512-VWv7s1EI41AG2LiCr7uAuxWikLDN1SQOuEUc37d/P34NAIIYgkvWYngNw0d9d9iCrDFL0SYCE9UQpxhIjjtuLg==}

  handlebars@1.0.12:
    resolution: {integrity: sha512-lI6MusMTp9cP1nI2cbSKxAWW6mTkuBqGD3RLHaTBfUaDCFtyJ1RMcEunXiGrlsEObuOQ1oruzaI0i8PqEbu1/Q==}
    engines: {node: '>=0.4.7'}
    hasBin: true

  hawk@0.10.2:
    resolution: {integrity: sha512-BjpmnZ95odv7KOIsydfNTAxfGOGaVc6xbYL4fozWl45PWjDqskix0LHAekmGkpnrCAI6+AZRvJIXNTAllj+e6w==}
    engines: {node: 0.8.x}
    deprecated: This module moved to @hapi/hawk. Please make sure to switch over as this distribution is no longer supported and may contain bugs and critical security issues.

  hoek@0.7.6:
    resolution: {integrity: sha512-z75muWk69yyjWn6nNzJP0pnfgcewtSTs7uBolGUA7kWNdCYZukzHn3sYqUirhXul7qp9WBUwNT/7ieJZNveJqg==}
    engines: {node: 0.8.x}
    deprecated: This version has been deprecated in accordance with the hapi support policy (hapi.im/support). Please upgrade to the latest version to get the best features, bug fixes, and security patches. If you are unable to upgrade at this time, paid support is available for older versions (hapi.im/commercial).

  ignorefs@1.4.1:
    resolution: {integrity: sha512-1whgvOsPWFZRNA/5OFhIk56C9Y39+/CYaRVNvsZZkLymacOSqqdSU53xk8CP3G2u5gz2PX6RLxqKPcsIpDriog==}
    engines: {node: '>=0.12'}

  ignorepatterns@1.4.0:
    resolution: {integrity: sha512-YPBIFRB25iZD0WiLxmToe80+QU+mZI+bUlEh3Ze/4gbhlXHdQFk0SwAFQtPOiBAoDv3FvhtSTDUCD9DKFsHTRA==}
    engines: {node: '>=0.12'}

  inherits@2.0.4:
    resolution: {integrity: sha512-k/vGaX4/Yla3WzyMCvTQOXYeIHvqOKtnqBduzTHpzpQZzAskKMhZ2K+EnBiSM9zGSoIFeMpXKxa4dYeZIQqewQ==}

  isarray@0.0.1:
    resolution: {integrity: sha512-D2S+3GLxWH+uhrNEcoh/fnmYeP8E8/zHl644d/jdA0g2uyXvy3sb0qxotE+ne0LtccHknQzWwZEzhak7oJ0COQ==}

  istanbul@0.1.46:
    resolution: {integrity: sha512-dertiro0LdP5Co/+lTs0B5yrqPs+Au0wt8t7fpN9mz3cu8PB7kjEWpK/7LEu+XkoVikyOVJ4k+O+xUIyxi2X2w==}
    deprecated: |-
      This module is no longer maintained, try this instead:
        npm i nyc
      Visit https://istanbul.js.org/integrations for other alternatives.
    hasBin: true

  jade@0.26.3:
    resolution: {integrity: sha512-mkk3vzUHFjzKjpCXeu+IjXeZD+QOTjUUdubgmHtHTDwvAO2ZTkMTTVrapts5CWz3JvJryh/4KWZpjeZrCepZ3A==}
    deprecated: Jade has been renamed to pug, please install the latest version of pug instead of jade
    hasBin: true

  json-stringify-safe@3.0.0:
    resolution: {integrity: sha512-VSSuxEAawKLYlCabQOR7YDijQ69zPqQBOriUuCgNhlAqtU7RPr41gPpaSs6WkEu+ZOtUequpXWbI51CS+Z/gMQ==}

  lcov-parse@0.0.4:
    resolution: {integrity: sha512-u30bFDcxd/XVm1JAlZfFB/f7FhUJQvEul6/K4luQ6B156tQVMJ/n/zcKGnM9JS6wzd8lHOEN/BFv26P3J5vdbA==}

  lcov-result-merger@0.0.2:
    resolution: {integrity: sha512-GFQ4pqpAo6SG9eCU2j32E7SityWQhtrBKtwAmslcylGhlez/VolVD6vyxKlnirA4Ww0RwRebUPmJVJYR5dbaxQ==}
    hasBin: true

  lingo@0.0.5:
    resolution: {integrity: sha512-w8eJdh7ZrjZvSFU5WOrNbu/hJDqLtKdXU1o/nsoxlqh4jzUcFoBOJ51QJwmQjkX7M0D6sqKu5OtqN4as37JwoQ==}
    engines: {node: '>= 0.2.0'}
    deprecated: This project is abandoned

  lodash@1.3.1:
    resolution: {integrity: sha512-F7AB8u+6d00CCgnbjWzq9fFLpzOMCgq6mPjOW4+8+dYbrnc0obRrC+IHctzfZ1KKTQxX0xo/punrlpOWcf4gpw==}
    engines: {'0': node, '1': rhino}

  lodash@2.4.2:
    resolution: {integrity: sha512-Kak1hi6/hYHGVPmdyiZijoQyz5x2iGVzs6w9GYB/HiXEtylY7tIoYEROMjvM1d9nXJqPOrG2MNPMn01bJ+S0Rw==}
    engines: {'0': node, '1': rhino}

  log-driver@1.2.1:
    resolution: {integrity: sha512-XV7xfUS6uU3KiFgAdbv8IlyW6GNoAIxFo1sKV8P+SlVPd6DlzyIFnVcYkKg5oAiDFdgSEYkzInQUZfhmHfI4EQ==}
    engines: {node: '>=0.8.6', npm: 1.1.65}

  lru-cache@2.3.1:
    resolution: {integrity: sha512-EjtmtXFUu+wXm6PW3T6RT1ekQUxobC7B5TDCU0CS0212wzpwKiXs6vLun+JI+OoWmmliWdYqnrpjrlK7W3ELdQ==}

  lru-cache@2.7.3:
    resolution: {integrity: sha512-WpibWJ60c3AgAz8a2iYErDrcT2C7OmKnsWhIcHOjkUHFjkXncJhtLxNSqUmxRxRunpb5I8Vprd7aNSd2NtksJQ==}

  mariasql@0.1.20:
    resolution: {integrity: sha512-9QUfHFnyyQex9OYPacuAjRGFd9GNnS0Ihs2Fpf+6JwsiPZJuMUvGnCESJV+NaB+8eeE70bY7Ws+qm9+Ovi3esg==}
    engines: {node: '>=0.8.0'}

  mime@1.2.11:
    resolution: {integrity: sha512-Ysa2F/nqTNGHhhm9MV8ure4+Hc+Y8AWiqUdHxsO7xu8zc92ND9f3kpALHjaP026Ft17UfxrMt95c50PLUeynBw==}

  minimatch@0.2.14:
    resolution: {integrity: sha512-zZ+Jy8lVWlvqqeM8iZB7w7KmQkoJn8djM585z88rywrEbzoqawVa9FR5p2hwD+y74nfuKOjmNvi9gtWJNLqHvA==}
    deprecated: Please update to minimatch 3.0.2 or higher to avoid a RegExp DoS issue

  minimatch@0.3.0:
    resolution: {integrity: sha512-WFX1jI1AaxNTZVOHLBVazwTWKaQjoykSzCBNXB72vDTCzopQGtyP91tKdFK5cv1+qMwPyiTu1HqUriqplI8pcA==}
    deprecated: Please update to minimatch 3.0.2 or higher to avoid a RegExp DoS issue

  minimatch@0.4.0:
    resolution: {integrity: sha512-yJKJL1g3to7f4C/9LzHXTzNh550xKGefiCls9RS+DDdsDpKpndY49UDZW5sj/3yeac3Hl2Px3w5bT8bM/dMrWQ==}
    deprecated: Please update to minimatch 3.0.2 or higher to avoid a RegExp DoS issue

  mkdirp@0.3.0:
    resolution: {integrity: sha512-OHsdUcVAQ6pOtg5JYWpCBo9W/GySVuwvP9hueRMW7UqshC0tbfzLv8wjySTPm3tfUZ/21CE9E1pJagOA91Pxew==}
    deprecated: Legacy versions of mkdirp are no longer supported. Please update to mkdirp 1.x. (Note that the API surface has changed to use Promises in 1.x.)

  mkdirp@0.3.5:
    resolution: {integrity: sha512-8OCq0De/h9ZxseqzCH8Kw/Filf5pF/vMI6+BH7Lu0jXz2pqYCjTAQRolSxRIi+Ax+oCCjlxoJMP0YQ4XlrQNHg==}
    deprecated: Legacy versions of mkdirp are no longer supported. Please update to mkdirp 1.x. (Note that the API surface has changed to use Promises in 1.x.)

  mocha@1.17.1:
    resolution: {integrity: sha512-aBQCzWY7hhHwof3dJU1vLEy23C/kW3tKsoR/C7enwchqKsGJnDtARYfnobNZnKlZMrAlRtIjpv8o0uw+FFAUng==}
    engines: {node: '>= 0.4.x'}
    deprecated: Mocha v1.x is no longer supported.
    hasBin: true

  moment@2.5.1:
    resolution: {integrity: sha512-t+5ruKya8ZqxINueV7dkx2n7CQhZi0mPLUjjt6bqtZj2WzH8DuiIpUGFHMIOCzCq+TT8FAEaVQ0ttF3vKuM2bw==}

  ms@2.1.3:
    resolution: {integrity: sha512-6FlzubTLZG3J2a/NVCAleEhjzq5oxgHyaCU9yYXvcLsvoVaHJq/s5xXI6/XXP6tz7R9xAOtHnSO/tXtF3WRTlA==}

  mysql@2.0.1:
    resolution: {integrity: sha512-1c7YA9ChUIEhN9Ctend4xVTskvfxrhOtJSw5pmFxcy9yIP+O+K+NXXucjyCL9m7RdHiMAfyUJqm+OL4AgPGcgg==}

  nan@0.6.0:
    resolution: {integrity: sha512-z0w3Bvz7+dTQ4jIxYcbPdfNnpc6Zv3dJzY2mIZm4s5Idki81iaIC5HLj8I9iQpBz+WLgqjv8cVveP3cNabdYog==}

  node-uuid@1.4.8:
    resolution: {integrity: sha512-TkCET/3rr9mUuRp+CpO7qfgT++aAxfDRaalQhwPFzI9BY/2rCDn6OfpZOVggi1AXfTPpfkTrg5f5WQx5G1uLxA==}
    deprecated: Use uuid module instead
    hasBin: true

  nopt@2.1.2:
    resolution: {integrity: sha512-x8vXm7BZ2jE1Txrxh/hO74HTuYZQEbo8edoRcANgdZ4+PCV+pbjd/xdummkmjjC7LU5EjPzlu8zEq/oxWylnKA==}
    hasBin: true

  oauth-sign@0.2.0:
    resolution: {integrity: sha512-4DtiD64CwPJ5vZ636j/KtM7DxWbX1KlkqwbqbEAxI3BCpBrQdrKOv8vC/36U6gfm1CVapy6QmcVxPnXPPQApTA==}

  optimist@0.3.7:
    resolution: {integrity: sha512-TCx0dXQzVtSCg2OgY/bO9hjM9cV4XYx09TVK+s3+FhkjT6LovsLe+pPMzpWf+6yXK/hUizs2gUoTw3jHM0VaTQ==}

  pg@2.8.5:
    resolution: {integrity: sha512-RJ8Z6NypB59lL+7Cj6VI+WIB73zojP+Cwsu1lv3aumg06KGjI4Fsq/Jq7h7aJwCqdhqK7rstsLD5CHnzGB+vbQ==}
    engines: {node: '>= 0.8.0'}

  qs@0.5.6:
    resolution: {integrity: sha512-KbOrQrP5Ye+0gmq+hwxoJwAFRwExACWqwxj1IDFFgqOw9Poxy3wwSbafd9ZqP6T6ykMfnxM573kt/a4i9ybatQ==}

  readable-stream@1.1.14:
    resolution: {integrity: sha512-+MeVjFf4L44XUkhM1eYbD8fyEsxcV81pqMSR5gblfcLCHfZvbrqy4/qYHE+/R5HoBUT11WV5O08Cr1n3YXkWVQ==}

  request@2.16.2:
    resolution: {integrity: sha512-vL1C/7tZxSk7uWdUkjGgkPs37Z/0BrKx2kXfvHATlNrUZdAwz29gvhblnnTH7MUzsyduLENWNfmwJ6H/TlbQig==}
    engines: {'0': node >= 0.3.6}
    deprecated: request has been deprecated, see https://github.com/request/request/issues/3142

  require-all@0.0.3:
    resolution: {integrity: sha512-tLWK4DKX7gBlEfQuhHdwuRIMvohSlkc64tYtjcXlCvCwuK+dNcTu0sTiqx5g2RDChh2wwtof9JiNYiubP0Trwg==}

  resolve@0.5.1:
    resolution: {integrity: sha512-PgoPtxVz3j45jqtNbMbxcBG+5FhjLLa425zzNBf50//c4XJDx/FC0fbAWJiVPsXOV/MLhbQslSYuEv6RFf7p3A==}

  safefs@3.2.2:
    resolution: {integrity: sha512-qqvuS8qslGUSgUKQbdsYIK8Qg0EAkykxlsdfy3jpBSnhtyPsee/8y4RLc5+3CD6TgazBmtT0ekoGicUTPzICdg==}
    engines: {node: '>=0.4'}

  samsam@1.1.3:
    resolution: {integrity: sha512-t9rCPskf50hZ53eH8Z+cSWD4LfJBac+8vSSuzi1Y2HzygyXxtAl0BaR3hr6iI6A+nFQbkmJNC/brQLNEeVnrmg==}
    deprecated: This package has been deprecated in favour of @sinonjs/samsam

  scandirectory@2.5.0:
    resolution: {integrity: sha512-uT0CW8Z3YyoIQs2gXIZgR5miLkN/UNl+5IptQIq1YfD2NhFldikYlC3dkOE6MvF15OZMOxjg8yOjx5J/vIIPUA==}
    engines: {node: '>=0.4'}

  semver@6.3.1:
    resolution: {integrity: sha512-BR7VvDCVHO+q2xBEWskxS6DJE1qRnb7DxzUrogb71CWoSficBxYsiAGd+Kl0mmq/MprG9yArRkyrQxTO6XjMzA==}
    hasBin: true

  sigmund@1.0.1:
    resolution: {integrity: sha512-fCvEXfh6NWpm+YSuY2bpXb/VIihqWA6hLsgboC+0nl71Q7N7o2eaCW8mJa/NLvQhs6jpd3VZV4UiUQlV6+lc8g==}

  sinon@1.8.2:
    resolution: {integrity: sha512-lKW2kN7YeAOGbqLAMkT/aDSix9ZYZsNAMTmyqP9GHGFK3gDwL/htfK2Aa/jc2K6rtdI2Y0ekrRzKi5J2ZG99kw==}
    engines: {node: '>=0.1.103'}
    deprecated: 16.1.1

  sliced@0.0.5:
    resolution: {integrity: sha512-9bYT917D6H3+q8GlQBJmLVz3bc4OeVGfZ2BB12wvLnluTGfG6/8UdOUbKJDW1EEx9SZMDbjnatkau5/XcUeyOw==}
    deprecated: Unsupported

  sntp@0.1.4:
    resolution: {integrity: sha512-v90tkW8VIdXwY35BJAWIpZWd/h+WC7TufizgUO2jtOY21isIo8IP85f1zJ8mKF8o77Vxo5k+GJmUZ4H6phVt1g==}
    engines: {node: 0.8.x}
    deprecated: This module moved to @hapi/sntp. Please make sure to switch over as this distribution is no longer supported and may contain bugs and critical security issues.

  source-map@0.1.43:
    resolution: {integrity: sha512-VtCvB9SIQhk3aF6h+N85EaqIaBFIAfZ9Cu+NJHHVvc8BbEcnvDcFw6sqQ2dQrT6SlOrZq3tIvyD9+EGq/lJryQ==}
    engines: {node: '>=0.8.0'}

  source-map@0.8.0:
    resolution: {integrity: sha512-d8EqvL+k/SOXCreS/SUzg2ciyHqBBLcN/yuRjFsbvVhHTE2pgei7oAhmPM7kWFbkX6OSMQfUq4KbkF3au9lhYQ==}
    engines: {node: '>= 12'}

  sql@0.35.0:
    resolution: {integrity: sha512-i41LoP25wbGiWN3dAyZspon1SGNTCkWz/0DW2NuRVInatOdQQFtQ472A7zjrKyEJMuiMVu/B8Gjr+axHE8CRBA==}

  sqlite3@2.1.19:
    resolution: {integrity: sha512-22/4SDskX5CCNnP8C4r/6FsgfXCQDQpwjw/Xw8FNTaHNx4tfiqX0RX16MQSE2GncWG5sLTrGKp2O7yg+TCDVxQ==}
    engines: {node: '>= 0.6.13 < 0.11.0'}
    bundledDependencies:
      - mkdirp
      - tar.gz
      - progress

  string_decoder@0.10.31:
    resolution: {integrity: sha512-ev2QzSzWPYmy9GuqfIVildA4OdcGLeFZQrq5ys6RtiuF+RQQiZWr8TZNyAcuVXyQRYfEO+MsoB/1BuQVhOJuoQ==}

  taskgroup@4.3.1:
    resolution: {integrity: sha512-PD97E2OfwFH7SgeVRvR6K2c+NkKXZSwMMTdcM1t/3P+f70DUWbR81Qx7TF7dJj8dV631u4dhdBmhfDQjIZvGsg==}
    engines: {node: '>=0.8'}

  toposort-class@0.3.1:
    resolution: {integrity: sha512-r8y3rqJ0FlmH+ZpXj3tKDw8fhLqRVH9rUFdal5p29Y/Xg50TM+PIkOPu2P/w/KxHViwfRQKvRdYg7G937TALkg==}

  tunnel-agent@0.2.0:
    resolution: {integrity: sha512-PXy4q1PH88BK0pcGOEMXFAslyBuRWz1wxLfPXTlYFd41eyUgjOALaVGbWJN1ymjbnBzjWunVSKmrrMMh8oLaZA==}

  type-detect@0.1.1:
    resolution: {integrity: sha512-5rqszGVwYgBoDkIm2oUtvkfZMQ0vk29iDMU0W2qCa3rG0vPDNczCMT4hV/bLBgLg8k8ri6+u3Zbt+S/14eMzlA==}

  typechecker@2.0.8:
    resolution: {integrity: sha512-7czjA7j/rc9zA/mTzsjD1yc41GIuARzFXIs69cc0PeMRu7uiGpQw4Cs83l/NjJj93PnSxeTZrOc2lDDLUmmpwg==}
    engines: {node: '>=0.4'}

  typechecker@2.1.0:
    resolution: {integrity: sha512-d6smcjY8kDAnxL9ZAtcrZpcrFpMM2OVmKxDbH7Rmo8nopW2KHBk9w3NAOeyUV+Em+2dNnu70ybaPKkDLVofCKA==}
    engines: {node: '>=0.4'}

  typechecker@4.11.0:
    resolution: {integrity: sha512-lz39Mc/d1UBcF/uQFL5P8L+oWdIn/stvkUgHf0tPRW4aEwGGErewNXo2Nb6We2WslWifn00rhcHbbRWRcTGhuw==}
    engines: {node: '>=0.8'}

  uglify-js@2.3.6:
    resolution: {integrity: sha512-T2LWWydxf5+Btpb0S/Gg/yKFmYjnX9jtQ4mdN9YRq73BhN21EhU0Dvw3wYDLqd3TooGUJlCKf3Gfyjjy/RTcWA==}
    engines: {node: '>=0.4.0'}
    hasBin: true

  underscore.string@2.3.3:
    resolution: {integrity: sha512-hbD5MibthuDAu4yA5wxes5bzFgqd3PpBJuClbRxaNddxfdsz+qf+1kHwrGQFrmchmDHb9iNU+6EHDn8uj0xDJg==}

  validator@3.2.1:
    resolution: {integrity: sha512-0Zl1Jv1OhVH6jmcGaLl/Lx21sCOAxEdABUxmNIjmqFsXgPZDzrs93GMviy2va/8QRnIvTHYp0E96iHSNx0Hr/Q==}
    engines: {node: '>= 0.8'}

  watchr@2.4.13:
    resolution: {integrity: sha512-yyEIbHuTP3dN2s8752n2IdJU+eg1sbLsw6m6BgrMNsgkU7K4vXSh+TeCHW4+1SvDdCiA3UZgtYyTUs054RggoQ==}
    engines: {node: '>=0.4'}
    hasBin: true

  which@1.0.9:
    resolution: {integrity: sha512-E87fdQ/eRJr9W1X4wTPejNy9zTW3FI2vpCZSJ/HAY+TkjKVC0TUm1jk6vn2Z7qay0DQy0+RBGdXxj+RmmiGZKQ==}
    hasBin: true

  wordwrap@0.0.3:
    resolution: {integrity: sha512-1tMA907+V4QmxV7dbRvb4/8MaRALK6q9Abid3ndMYnbyo8piisCmeONVqVSXqQA3KaP4SLt5b7ud6E2sqP8TFw==}
    engines: {node: '>=0.4.0'}

  wru@0.3.0:
    resolution: {integrity: sha512-294knNvn7bp/wPaerDGyq77Kl2Hdw3xVc0fXpjw/LbT3gmU1+CCXKaxpFAwr1NptVJUNybmG+Dbq6eMYZE4sTg==}
    engines: {node: '>= 0.4.0'}
    deprecated: Sorry folks, no time to maintain this good old friend
    hasBin: true

  yaml@0.2.3:
    resolution: {integrity: sha512-LzdhmhritYCRww8GLH95Sk5A2c18ddRQMeooOUnqWkDUnBbmVfqgg2fXH2MxAHYHCVTHDK1EEbmgItQ8kOpM0Q==}

snapshots:

  abbrev@1.0.9: {}

  ambi@2.5.0:
    dependencies:
      editions: 1.3.4
      typechecker: 4.11.0

  amdefine@1.0.1: {}

  assertion-error@1.0.0: {}

  async@0.2.10: {}

  aws-sign@0.2.1: {}

  bignumber.js@1.0.1: {}

  bluebird@1.0.8: {}

  boom@0.3.8:
    dependencies:
      hoek: 0.7.6

  buffer-writer@1.0.0: {}

  chai-datetime@1.1.2:
    dependencies:
      chai: 1.2.0

  chai-spies@0.5.1: {}

  chai@1.2.0: {}

  chai@1.9.2:
    dependencies:
      assertion-error: 1.0.0
      deep-eql: 0.1.3

  circular-json@0.1.6:
    dependencies:
      wru: 0.3.0

  coffee-script@1.7.1:
    dependencies:
      mkdirp: 0.3.5

  combined-stream@0.0.7:
    dependencies:
      delayed-stream: 0.0.5

  commander@0.6.1: {}

  commander@2.0.0: {}

  commander@2.1.0: {}

  cookie-jar@0.2.0: {}

  core-util-is@1.0.3: {}

  coveralls@2.7.1:
    dependencies:
      lcov-parse: 0.0.4
      log-driver: 1.2.1
      request: 2.16.2
      yaml: 0.2.3

  cryptiles@0.1.3:
    dependencies:
      boom: 0.3.8

  csextends@1.2.0: {}

  debug@4.4.3:
    dependencies:
      ms: 2.1.3

  deep-eql@0.1.3:
    dependencies:
      type-detect: 0.1.1

  delayed-stream@0.0.5: {}

  diff@1.0.7: {}

  dottie@0.1.0: {}

  eachr@2.0.4:
    dependencies:
      typechecker: 2.1.0

  editions@1.3.4: {}

  editions@2.3.1:
    dependencies:
      errlop: 2.2.0
      semver: 6.3.1

  errlop@2.2.0: {}

  escodegen@0.0.23:
    dependencies:
      esprima: 1.0.4
      estraverse: 0.0.4
    optionalDependencies:
      source-map: 0.8.0

  esprima@1.0.4: {}

  estraverse@0.0.4: {}

  extendr@2.1.0:
    dependencies:
      typechecker: 2.0.8

  extract-opts@2.2.0:
    dependencies:
      typechecker: 2.0.8

  fileset@0.1.8:
    dependencies:
      glob: 3.2.11
      minimatch: 0.4.0

  forever-agent@0.2.0: {}

  form-data@0.0.10:
    dependencies:
      async: 0.2.10
      combined-stream: 0.0.7
      mime: 1.2.11

  formatio@1.0.2:
    dependencies:
      samsam: 1.1.3

  generic-pool@2.0.3: {}

  generic-pool@2.0.4: {}

  glob@3.2.11:
    dependencies:
      inherits: 2.0.4
      minimatch: 0.3.0

  glob@3.2.3:
    dependencies:
      graceful-fs: 2.0.3
      inherits: 2.0.4
      minimatch: 0.2.14

  graceful-fs@2.0.3: {}

  graceful-fs@4.2.11: {}

  growl@1.7.0: {}

  handlebars@1.0.12:
    dependencies:
      optimist: 0.3.7
      uglify-js: 2.3.6

  hawk@0.10.2:
    dependencies:
      boom: 0.3.8
      cryptiles: 0.1.3
      hoek: 0.7.6
      sntp: 0.1.4

  hoek@0.7.6: {}

  ignorefs@1.4.1:
    dependencies:
      editions: 2.3.1
      ignorepatterns: 1.4.0

  ignorepatterns@1.4.0:
    dependencies:
      editions: 2.3.1

  inherits@2.0.4: {}

  isarray@0.0.1: {}

  istanbul@0.1.46:
    dependencies:
      abbrev: 1.0.9
      async: 0.2.10
      escodegen: 0.0.23
      esprima: 1.0.4
      fileset: 0.1.8
      handlebars: 1.0.12
      mkdirp: 0.3.5
      nopt: 2.1.2
      resolve: 0.5.1
      which: 1.0.9
      wordwrap: 0.0.3

  jade@0.26.3:
    dependencies:
      commander: 0.6.1
      mkdirp: 0.3.0

  json-stringify-safe@3.0.0: {}

  lcov-parse@0.0.4: {}

  lcov-result-merger@0.0.2:
    dependencies:
      glob: 3.2.11

  lingo@0.0.5: {}

  lodash@1.3.1: {}

  lodash@2.4.2: {}

  log-driver@1.2.1: {}

  lru-cache@2.3.1: {}

  lru-cache@2.7.3: {}

  mariasql@0.1.20:
    dependencies:
      lru-cache: 2.3.1

  mime@1.2.11: {}

  minimatch@0.2.14:
    dependencies:
      lru-cache: 2.7.3
      sigmund: 1.0.1

  minimatch@0.3.0:
    dependencies:
      lru-cache: 2.7.3
      sigmund: 1.0.1

  minimatch@0.4.0:
    dependencies:
      lru-cache: 2.7.3
      sigmund: 1.0.1

  mkdirp@0.3.0: {}

  mkdirp@0.3.5: {}

  mocha@1.17.1:
    dependencies:
      commander: 2.0.0
      debug: 4.4.3
      diff: 1.0.7
      glob: 3.2.3
      growl: 1.7.0
      jade: 0.26.3
      mkdirp: 0.3.5
    transitivePeerDependencies:
      - supports-color

  moment@2.5.1: {}

  ms@2.1.3: {}

  mysql@2.0.1:
    dependencies:
      bignumber.js: 1.0.1
      readable-stream: 1.1.14
      require-all: 0.0.3

  nan@0.6.0: {}

  node-uuid@1.4.8: {}

  nopt@2.1.2:
    dependencies:
      abbrev: 1.0.9

  oauth-sign@0.2.0: {}

  optimist@0.3.7:
    dependencies:
      wordwrap: 0.0.3

  pg@2.8.5:
    dependencies:
      buffer-writer: 1.0.0
      generic-pool: 2.0.3
      nan: 0.6.0

  qs@0.5.6: {}

  readable-stream@1.1.14:
    dependencies:
      core-util-is: 1.0.3
      inherits: 2.0.4
      isarray: 0.0.1
      string_decoder: 0.10.31

  request@2.16.2:
    dependencies:
      aws-sign: 0.2.1
      cookie-jar: 0.2.0
      forever-agent: 0.2.0
      form-data: 0.0.10
      hawk: 0.10.2
      json-stringify-safe: 3.0.0
      mime: 1.2.11
      node-uuid: 1.4.8
      oauth-sign: 0.2.0
      qs: 0.5.6
      tunnel-agent: 0.2.0

  require-all@0.0.3: {}

  resolve@0.5.1: {}

  safefs@3.2.2:
    dependencies:
      graceful-fs: 4.2.11

  samsam@1.1.3: {}

  scandirectory@2.5.0:
    dependencies:
      ignorefs: 1.4.1
      safefs: 3.2.2
      taskgroup: 4.3.1

  semver@6.3.1: {}

  sigmund@1.0.1: {}

  sinon@1.8.2:
    dependencies:
      formatio: 1.0.2

  sliced@0.0.5: {}

  sntp@0.1.4:
    dependencies:
      hoek: 0.7.6

  source-map@0.1.43:
    dependencies:
      amdefine: 1.0.1

  source-map@0.8.0:
    optional: true

  sql@0.35.0:
    dependencies:
      lodash: 1.3.1
      sliced: 0.0.5

  sqlite3@2.1.19: {}

  string_decoder@0.10.31: {}

  taskgroup@4.3.1:
    dependencies:
      ambi: 2.5.0
      csextends: 1.2.0

  toposort-class@0.3.1: {}

  tunnel-agent@0.2.0: {}

  type-detect@0.1.1: {}

  typechecker@2.0.8: {}

  typechecker@2.1.0: {}

  typechecker@4.11.0:
    dependencies:
      editions: 2.3.1

  uglify-js@2.3.6:
    dependencies:
      async: 0.2.10
      optimist: 0.3.7
      source-map: 0.1.43

  underscore.string@2.3.3: {}

  validator@3.2.1: {}

  watchr@2.4.13:
    dependencies:
      eachr: 2.0.4
      extendr: 2.1.0
      extract-opts: 2.2.0
      ignorefs: 1.4.1
      safefs: 3.2.2
      scandirectory: 2.5.0
      taskgroup: 4.3.1
      typechecker: 2.1.0

  which@1.0.9: {}

  wordwrap@0.0.3: {}

  wru@0.3.0: {}

  yaml@0.2.3: {}
