lockfileVersion: '9.0'

settings:
  autoInstallPeers: true
  excludeLinksFromLockfile: false

importers:

  .:
    dependencies:
      lodash.isplainobject:
        specifier: 2.4.1
        version: 2.4.1
    devDependencies:
      mocha:
        specifier: 2.0.1
        version: 2.0.1

packages:

  commander@0.6.1:
    resolution: {integrity: sha512-0fLycpl1UMTGX257hRsu/arL/cUbcvQM4zMKwvLvzXtfdezIV4yotPS2dYtknF+NmEfWSoCEF6+hj9XLm/6hEw==}
    engines: {node: '>= 0.4.x'}

  commander@2.3.0:
    resolution: {integrity: sha512-CD452fnk0jQyk3NfnK+KkR/hUPoHt5pVaKHogtyyv3N0U4QfAal9W0/rXLOg/vVZgQKa7jdtXypKs1YAip11uQ==}
    engines: {node: '>= 0.6.x'}

  debug@2.0.0:
    resolution: {integrity: sha512-jRxFR0Fb657ikmm6IjHY32v/Nqp9Ndcx4LBISXPfpguNaHh5JJnb+x37qalKPTu4fxMFnVBIyEGi72mmvl0BCw==}
    peerDependencies:
      supports-color: '*'
    peerDependenciesMeta:
      supports-color:
        optional: true

  diff@1.0.8:
    resolution: {integrity: sha512-1zEb73vemXFpUmfh3fsta4YHz3lwebxXvaWmPbFv9apujQBWDnkrPDLXLQs1gZo4RCWMDsT89r0Pf/z8/02TGA==}
    engines: {node: '>=0.3.1'}

  escape-string-regexp@1.0.2:
    resolution: {integrity: sha512-cQpUid7bdTUnFin8S7BnNdOk+/eDqQmKgCANSyd/jAhrKEvxUvr9VQ8XZzXiOtest8NLfk3FSBZzwvemZNQ6Vg==}
    engines: {node: '>=0.8.0'}

  glob@3.2.3:
    resolution: {integrity: sha512-WPaLsMHD1lYEqAmIQI6VOJSPwuBdGShDWnj1yUo0vQqEO809R8W3LM9OVU13CnnDhyv/EiNwOtxEW74SmrzS6w==}
    deprecated: Old versions of glob are not supported, and contain widely publicized security vulnerabilities, which have been fixed in the current version. Please update. Support for old versions may be purchased (at exorbitant rates) by contacting i@izs.me

  graceful-fs@2.0.3:
    resolution: {integrity: sha512-hcj/NTUWv+C3MbqrVb9F+aH6lvTwEHJdx2foBxlrVq5h6zE8Bfu4pv4CAAqbDcZrw/9Ak5lsRXlY9Ao8/F0Tuw==}
    engines: {node: '>=0.4.0'}
    deprecated: please upgrade to graceful-fs 4 for compatibility with current and future versions of Node.js

  growl@1.8.1:
    resolution: {integrity: sha512-Hq61svqhXHBTY80KsuLrItJ9A0YP1PSeiS4hhi77NcPQf+F+yagOSkhuhZdND7NfAcpHm495FKUTmRcygzF0OA==}

  inherits@2.0.4:
    resolution: {integrity: sha512-k/vGaX4/Yla3WzyMCvTQOXYeIHvqOKtnqBduzTHpzpQZzAskKMhZ2K+EnBiSM9zGSoIFeMpXKxa4dYeZIQqewQ==}

  jade@0.26.3:
    resolution: {integrity: sha512-mkk3vzUHFjzKjpCXeu+IjXeZD+QOTjUUdubgmHtHTDwvAO2ZTkMTTVrapts5CWz3JvJryh/4KWZpjeZrCepZ3A==}
    deprecated: Jade has been renamed to pug, please install the latest version of pug instead of jade
    hasBin: true

  lodash._basebind@2.4.1:
    resolution: {integrity: sha512-VGHm6DH+1UiuafQdE/DNMqxOcSyhRu0xO9+jPDq7xITRn5YOorGrHVQmavMVXCYmTm80YRTZZCn/jTW7MokwLg==}

  lodash._basecreate@2.4.1:
    resolution: {integrity: sha512-8JJ3FnMPm54t3BwPLk8q8mPyQKQXm/rt9df+awr4NGtyJrtcCXM3Of1I86S6jVy1b4yAyFBb8wbKPEauuqzRmQ==}

  lodash._basecreatecallback@2.4.1:
    resolution: {integrity: sha512-SLczhg860fGW7AKlYcuOFstDtJuQhaANlJ4Y/jrOoRxhmVtK41vbJDH3OefVRSRkSCQo4HI82QVkAVsoGa5gSw==}

  lodash._basecreatewrapper@2.4.1:
    resolution: {integrity: sha512-x2ja1fa/qmzbizuXgVM4QAP9svtMbdxjG8Anl9bCeDAwLOVQ1vLrA0hLb/NkpbGi9evjtkl0aWLTEoOlUdBPQA==}

  lodash._createwrapper@2.4.1:
    resolution: {integrity: sha512-5TCfLt1haQpsa7bgLYRKNNE4yqhO4ZxIayN1btQmazMchO6Q8JYFRMqbJ3W+uNmMm4R0Jw7KGkZX5YfDDnywuw==}

  lodash._isnative@2.4.1:
    resolution: {integrity: sha512-BOlKGKNHhCHswGOWtmVb5zBygyxN7EmTuzVOSQI6QSoGhG+kvv71gICFS1TBpnqvT1n53txK8CDK3u5D2/GZxQ==}

  lodash._objecttypes@2.4.1:
    resolution: {integrity: sha512-XpqGh1e7hhkOzftBfWE7zt+Yn9mVHFkDhicVttvKLsoCMLVVL+xTQjfjB4X4vtznauxv0QZ5ZAeqjvat0dh62Q==}

  lodash._setbinddata@2.4.1:
    resolution: {integrity: sha512-Vx0XKzpg2DFbQw4wrp1xSWd2sfl3W/BG6bucSRZmftS1AzbWRemCmBQDxyQTNhlLNec428PXkuuja+VNBZgu2A==}

  lodash._shimisplainobject@2.4.1:
    resolution: {integrity: sha512-1cXTOXHisjXYlhWNOIztDh1Bo9IXmxYEQXpCH6f/6wz2JV7bMfnA5gnIjTyvvs3WRCk8ohDUu0JtUrfU/VmNIg==}

  lodash._slice@2.4.1:
    resolution: {integrity: sha512-+odPJa4PE2UgYnQgJgkLs0UD03QU78R2ivhrFnG9GdtYOZdE6ObxOj7KiUEUlqOOgatFT+ZqSypFjDSduTigKg==}

  lodash.bind@2.4.1:
    resolution: {integrity: sha512-hn2VWYZ+N9aYncRad4jORvlGgpFrn+axnPIWRvFxjk6CWcZH5b5alI8EymYsHITI23Z9wrW/+ORq+azrVFpOfw==}

  lodash.forin@2.4.1:
    resolution: {integrity: sha512-yUdUVtDH3HUqnNj8USzqoiadqBdDBQt5fpDsjeZgQtRYn4kuDTaz0KpXnSDDIJhiFQ/Nen8/+yWDD0By7XycXA==}

  lodash.identity@2.4.1:
    resolution: {integrity: sha512-VRYX+8XipeLjorag5bz3YBBRJ+5kj8hVBzfnaHgXPZAVTYowBdY5l0M5ZnOmlAMCOXBFabQtm7f5VqjMKEji0w==}

  lodash.isfunction@2.4.1:
    resolution: {integrity: sha512-6XcAB3izeQxPOQQNAJbbdjXbvWEt2Pn9ezPrjr4CwoLwmqsLVbsiEXD19cmmt4mbzOCOCdHzOQiUivUOJLra7w==}

  lodash.isobject@2.4.1:
    resolution: {integrity: sha512-sTebg2a1PoicYEZXD5PBdQcTlIJ6hUslrlWr7iV0O7n+i4596s2NQ9I5CaZ5FbXSfya/9WQsrYLANUJv9paYVA==}

  lodash.isplainobject@2.4.1:
    resolution: {integrity: sha512-2giZfjfnDTJbU/WOB8vzWvO6/8+6btWKwvbZZirewRf+SEGr8CiygksV1BhIv6XEmGYAoGXydq5Ekg9S21q0QQ==}

  lodash.noop@2.4.1:
    resolution: {integrity: sha512-uNcV98/blRhInPUGQEnj9ekXXfG+q+rfoNSFZgl/eBfog9yBDW9gfUv2AHX/rAF7zZRlzWhbslGhbGQFZlCkZA==}

  lodash.support@2.4.1:
    resolution: {integrity: sha512-6SwqWwGFHhTXEiqB/yQgu8FYd//tm786d49y7kizHVCJH7zdzs191UQn3ES3tkkDbUddNRfkCRYqJFHtbLnbCw==}

  lru-cache@2.7.3:
    resolution: {integrity: sha512-WpibWJ60c3AgAz8a2iYErDrcT2C7OmKnsWhIcHOjkUHFjkXncJhtLxNSqUmxRxRunpb5I8Vprd7aNSd2NtksJQ==}

  minimatch@0.2.14:
    resolution: {integrity: sha512-zZ+Jy8lVWlvqqeM8iZB7w7KmQkoJn8djM585z88rywrEbzoqawVa9FR5p2hwD+y74nfuKOjmNvi9gtWJNLqHvA==}
    deprecated: Please update to minimatch 3.0.2 or higher to avoid a RegExp DoS issue

  minimist@0.0.8:
    resolution: {integrity: sha512-miQKw5Hv4NS1Psg2517mV4e4dYNaO3++hjAvLOAzKqZ61rH8NS1SK+vbfBWZ5PY/Me/bEWhUwqMghEW5Fb9T7Q==}

  mkdirp@0.3.0:
    resolution: {integrity: sha512-OHsdUcVAQ6pOtg5JYWpCBo9W/GySVuwvP9hueRMW7UqshC0tbfzLv8wjySTPm3tfUZ/21CE9E1pJagOA91Pxew==}
    deprecated: Legacy versions of mkdirp are no longer supported. Please update to mkdirp 1.x. (Note that the API surface has changed to use Promises in 1.x.)

  mkdirp@0.5.0:
    resolution: {integrity: sha512-xjjNGy+ry1lhtIKcr2PT6ok3aszhQfgrUDp4OZLHacgRgFmF6XR9XCOJVcXlVGQonIqXcK1DvqgKKQOPWYGSfw==}
    deprecated: Legacy versions of mkdirp are no longer supported. Please update to mkdirp 1.x. (Note that the API surface has changed to use Promises in 1.x.)
    hasBin: true

  mocha@2.0.1:
    resolution: {integrity: sha512-EG9wOe/QMIBB00xscpLGSkiPXluR4Z5/bOvOw4jQ9e7RKeD/sFAwClUsTWQpnL8PS48CPw8Dx0zJ076JNsdeAw==}
    engines: {node: '>= 0.8.x'}
    deprecated: Mocha v2.0.x is no longer supported.
    hasBin: true

  ms@0.6.2:
    resolution: {integrity: sha512-/pc3eh7TWorTtbvXg8je4GvrvEqCfH7PA3P7iW01yL2E53FKixzgMBaQi0NOPbMJqY34cBSvR0tZtmlTkdUG4A==}

  sigmund@1.0.1:
    resolution: {integrity: sha512-fCvEXfh6NWpm+YSuY2bpXb/VIihqWA6hLsgboC+0nl71Q7N7o2eaCW8mJa/NLvQhs6jpd3VZV4UiUQlV6+lc8g==}

snapshots:

  commander@0.6.1: {}

  commander@2.3.0: {}

  debug@2.0.0:
    dependencies:
      ms: 0.6.2

  diff@1.0.8: {}

  escape-string-regexp@1.0.2: {}

  glob@3.2.3:
    dependencies:
      graceful-fs: 2.0.3
      inherits: 2.0.4
      minimatch: 0.2.14

  graceful-fs@2.0.3: {}

  growl@1.8.1: {}

  inherits@2.0.4: {}

  jade@0.26.3:
    dependencies:
      commander: 0.6.1
      mkdirp: 0.3.0

  lodash._basebind@2.4.1:
    dependencies:
      lodash._basecreate: 2.4.1
      lodash._setbinddata: 2.4.1
      lodash._slice: 2.4.1
      lodash.isobject: 2.4.1

  lodash._basecreate@2.4.1:
    dependencies:
      lodash._isnative: 2.4.1
      lodash.isobject: 2.4.1
      lodash.noop: 2.4.1

  lodash._basecreatecallback@2.4.1:
    dependencies:
      lodash._setbinddata: 2.4.1
      lodash.bind: 2.4.1
      lodash.identity: 2.4.1
      lodash.support: 2.4.1

  lodash._basecreatewrapper@2.4.1:
    dependencies:
      lodash._basecreate: 2.4.1
      lodash._setbinddata: 2.4.1
      lodash._slice: 2.4.1
      lodash.isobject: 2.4.1

  lodash._createwrapper@2.4.1:
    dependencies:
      lodash._basebind: 2.4.1
      lodash._basecreatewrapper: 2.4.1
      lodash._slice: 2.4.1
      lodash.isfunction: 2.4.1

  lodash._isnative@2.4.1: {}

  lodash._objecttypes@2.4.1: {}

  lodash._setbinddata@2.4.1:
    dependencies:
      lodash._isnative: 2.4.1
      lodash.noop: 2.4.1

  lodash._shimisplainobject@2.4.1:
    dependencies:
      lodash.forin: 2.4.1
      lodash.isfunction: 2.4.1

  lodash._slice@2.4.1: {}

  lodash.bind@2.4.1:
    dependencies:
      lodash._createwrapper: 2.4.1
      lodash._slice: 2.4.1

  lodash.forin@2.4.1:
    dependencies:
      lodash._basecreatecallback: 2.4.1
      lodash._objecttypes: 2.4.1

  lodash.identity@2.4.1: {}

  lodash.isfunction@2.4.1: {}

  lodash.isobject@2.4.1:
    dependencies:
      lodash._objecttypes: 2.4.1

  lodash.isplainobject@2.4.1:
    dependencies:
      lodash._isnative: 2.4.1
      lodash._shimisplainobject: 2.4.1

  lodash.noop@2.4.1: {}

  lodash.support@2.4.1:
    dependencies:
      lodash._isnative: 2.4.1

  lru-cache@2.7.3: {}

  minimatch@0.2.14:
    dependencies:
      lru-cache: 2.7.3
      sigmund: 1.0.1

  minimist@0.0.8: {}

  mkdirp@0.3.0: {}

  mkdirp@0.5.0:
    dependencies:
      minimist: 0.0.8

  mocha@2.0.1:
    dependencies:
      commander: 2.3.0
      debug: 2.0.0
      diff: 1.0.8
      escape-string-regexp: 1.0.2
      glob: 3.2.3
      growl: 1.8.1
      jade: 0.26.3
      mkdirp: 0.5.0
    transitivePeerDependencies:
      - supports-color

  ms@0.6.2: {}

  sigmund@1.0.1: {}
