lockfileVersion: '9.0'

settings:
  autoInstallPeers: true
  excludeLinksFromLockfile: false

importers:

  .:
    dependencies:
      array-filter:
        specifier: ~0.0.0
        version: 0.0.1
      array-map:
        specifier: ~0.0.0
        version: 0.0.1
      array-reduce:
        specifier: ~0.0.0
        version: 0.0.0
      jsonify:
        specifier: ~0.0.0
        version: 0.0.1
    devDependencies:
      tape:
        specifier: ~2.3.0
        version: 2.3.3

packages:

  array-filter@0.0.1:
    resolution: {integrity: sha512-VW0FpCIhjZdarWjIz8Vpva7U95fl2Jn+b+mmFFMLn8PIVscOQcAgEznwUzTEuUHuqZqIxwzRlcaN/urTFFQoiw==}

  array-map@0.0.1:
    resolution: {integrity: sha512-sxHIeJTGEsRC8/hYkZzdJNNPZ41EXHVys7pqMw1iwE/Kx8/hto0UbDuGQsSJ0ujPovj9qUZl6EOY/EiZ2g3d9Q==}

  array-reduce@0.0.0:
    resolution: {integrity: sha512-8jR+StqaC636u7h3ye1co3lQRefgVVUQUhuAmRbDqIMeR2yuXzRvkCNQiQ5J/wbREmoBLNtp13dhaaVpZQDRUw==}

  deep-equal@0.1.2:
    resolution: {integrity: sha512-rUCt39nKM7s6qUyYgp/reJmtXjgkOS/JbLO24DioMZaBNkD3b7C7cD3zJjSyjclEElNTpetAIRD6fMIbBIbX1Q==}

  defined@0.0.0:
    resolution: {integrity: sha512-zpqiCT8bODLu3QSmLLic8xJnYWBFjOSu/fBCm189oAiTtPq/PSanNACKZDS7kgSyCJY7P+IcODzlIogBK/9RBg==}

  inherits@2.0.4:
    resolution: {integrity: sha512-k/vGaX4/Yla3WzyMCvTQOXYeIHvqOKtnqBduzTHpzpQZzAskKMhZ2K+EnBiSM9zGSoIFeMpXKxa4dYeZIQqewQ==}

  jsonify@0.0.1:
    resolution: {integrity: sha512-2/Ki0GcmuqSrgFyelQq9M05y7PS0mEwuIzrf3f1fPqkVDVRvZrPZtVSMHxdgo8Aq0sxAOb/cr2aqqA3LeWHVPg==}

  resumer@0.0.0:
    resolution: {integrity: sha512-Fn9X8rX8yYF4m81rZCK/5VmrmsSbqS/i3rDLl6ZZHAXgC2nTAx3dhwG8q8odP/RmdLa2YrybDJaAMg+X1ajY3w==}

  tape@2.3.3:
    resolution: {integrity: sha512-V3tQqlti/JJm577hhDdoCOw1xl4aPcDjTY6PesnFjWDcUYzB6fz39ETXFQuPr9piaoHPfc65sjAehTgbfXOvxQ==}
    hasBin: true

  through@2.3.8:
    resolution: {integrity: sha512-w89qg7PI8wAdvX60bMDP+bFoD5Dvhm9oLheFp5O4a2QF0cSBGsBX4qZmadPMvVqlLJBBci+WqGGOAPvcDeNSVg==}

snapshots:

  array-filter@0.0.1: {}

  array-map@0.0.1: {}

  array-reduce@0.0.0: {}

  deep-equal@0.1.2: {}

  defined@0.0.0: {}

  inherits@2.0.4: {}

  jsonify@0.0.1: {}

  resumer@0.0.0:
    dependencies:
      through: 2.3.8

  tape@2.3.3:
    dependencies:
      deep-equal: 0.1.2
      defined: 0.0.0
      inherits: 2.0.4
      jsonify: 0.0.1
      resumer: 0.0.0
      through: 2.3.8

  through@2.3.8: {}
