lockfileVersion: '9.0'

settings:
  autoInstallPeers: true
  excludeLinksFromLockfile: false

importers:

  .:
    devDependencies:
      jshint:
        specifier: ~1.1.0
        version: 1.1.0
      mocha:
        specifier: ~1.8.0
        version: 1.8.2
      requirejs:
        specifier: ^2.3.2
        version: 2.3.8
      uglify-js:
        specifier: ~2.7.5
        version: 2.7.5
      verup:
        specifier: ^1.3.x
        version: 1.7.1

packages:

  align-text@0.1.4:
    resolution: {integrity: sha512-GrTZLRpmp6wIC2ztrWW9MjjTgSKccffgFagbNDOX95/dcjEcYZibYTeaOntySQLcdw1ztBoFkviiUvTMbb9MYg==}
    engines: {node: '>=0.10.0'}

  async@0.2.10:
    resolution: {integrity: sha512-eAkdoKxU6/LkKDBzLpT+t6Ff5EtfSF4wx1WfJiPEEV7WNLnDaRXk0oVysiEPm262roaachGexwUv94WhSgN5TQ==}

  balanced-match@4.0.4:
    resolution: {integrity: sha512-BLrgEcRTwX2o6gGxGOCNyMvGSp35YofuYzw9h1IMTRmKqttAZZVU67bdb9Pr2vUHA8+j3i2tJfjO6C6+4myGTA==}
    engines: {node: 18 || 20 || >=22}

  brace-expansion@5.0.12:
    resolution: {integrity: sha512-YovQ3rzhaLMIrDjNDMkNS01tea93qhEhG5xy8f6+R0l+dw3Ki+5sCoIoI942iuLZTHWogWktgwVDhU09iNEimQ==}
    engines: {node: 20 || >=22}

  camelcase@1.2.1:
    resolution: {integrity: sha512-wzLkDa4K/mzI1OSITC+DUyjgIl/ETNHE9QvYgy6J6Jvqyyz4C0Xfd+lQhb19sX2jMpZV4IssUn0VDVmglV+s4g==}
    engines: {node: '>=0.10.0'}

  center-align@0.1.3:
    resolution: {integrity: sha512-Baz3aNe2gd2LP2qk5U+sDk/m4oSuwSDcBfayTCTBoWpfIGO5XFxPmjILQII4NGiZjD6DoDI6kf7gKaxkf7s3VQ==}
    engines: {node: '>=0.10.0'}

  cli@0.4.5:
    resolution: {integrity: sha512-dbn5HyeJWSOU58RwOEiF1VWrl7HRvDsKLpu0uiI/vExH6iNoyUzjB5Mr3IJY5DVUfnbpe9793xw4DFJVzC9nWQ==}
    engines: {node: '>=0.2.5'}

  cliui@2.1.0:
    resolution: {integrity: sha512-GIOYRizG+TGoc7Wgc1LiOTLare95R3mzKgoln+Q/lE4ceiYH19gUpl0l0Ffq4lJDEf3FxujMe6IBfOCs7pfqNA==}

  commander@0.6.1:
    resolution: {integrity: sha512-0fLycpl1UMTGX257hRsu/arL/cUbcvQM4zMKwvLvzXtfdezIV4yotPS2dYtknF+NmEfWSoCEF6+hj9XLm/6hEw==}
    engines: {node: '>= 0.4.x'}

  debug@4.4.3:
    resolution: {integrity: sha512-RGwwWnwQvkVfavKVt22FGLw+xYSdzARwm0ru6DhTVA3umU5hZc28V3kO4stgYryrTlLpuvgI9GiijltAjNbcqA==}
    engines: {node: '>=6.0'}
    peerDependencies:
      supports-color: '*'
    peerDependenciesMeta:
      supports-color:
        optional: true

  decamelize@1.2.0:
    resolution: {integrity: sha512-z2S+W9X73hAUUki+N+9Za2lBlun89zigOyGrsax+KUQ6wKW4ZoWpEYBkGhQjwAjjDCkWxhY0VKEhk8wzY7F5cA==}
    engines: {node: '>=0.10.0'}

  diff@1.0.2:
    resolution: {integrity: sha512-BOZXenW4qYFnn8GhH24O4xfjF5CxT01uSYOfF/hGpTGFcs/50zc5nnF1AtV1ePP/ok4hGC9ZENrLtm5jjj16GA==}
    engines: {node: '>=0.3.1'}

  esprima@https://github.com/ariya/esprima/tarball/master:
    resolution: {tarball: https://github.com/ariya/esprima/tarball/master}
    version: 4.0.0-dev
    engines: {node: '>=8'}
    hasBin: true

  glob@13.0.6:
    resolution: {integrity: sha512-Wjlyrolmm8uDpm/ogGyXZXb1Z+Ca2B8NbJwqBVg0axK9GbBeoS7yGV6vjXnYdGm6X53iehEuxxbyiKp8QmN4Vw==}
    engines: {node: 18 || 20 || >=22}

  growl@1.7.0:
    resolution: {integrity: sha512-VWv7s1EI41AG2LiCr7uAuxWikLDN1SQOuEUc37d/P34NAIIYgkvWYngNw0d9d9iCrDFL0SYCE9UQpxhIjjtuLg==}

  is-buffer@1.1.6:
    resolution: {integrity: sha512-NcdALwpXkTm5Zvvbk7owOUSvVvBKDgKP5/ewfXEznmQFfs4ZRmanOeKBTjRVjka3QFoN6XJ+9F3USqfHqTaU5w==}

  jade@0.26.3:
    resolution: {integrity: sha512-mkk3vzUHFjzKjpCXeu+IjXeZD+QOTjUUdubgmHtHTDwvAO2ZTkMTTVrapts5CWz3JvJryh/4KWZpjeZrCepZ3A==}
    deprecated: Jade has been renamed to pug, please install the latest version of pug instead of jade
    hasBin: true

  jshint@1.1.0:
    resolution: {integrity: sha512-cImuBImOFVRIMDCkX7csdPRGTz99IQZR4NSTLlnF9wEib1zSeuIDI/D8BOb9241W5bBUTUnao4dji5JQPVfs8A==}
    hasBin: true

  kind-of@3.2.2:
    resolution: {integrity: sha512-NOW9QQXMoZGg/oqnVNoNTTIFEIid1627WCffUBJEdMxYApq7mNE7CpzucIPc+ZQg25Phej7IJSmX3hO+oblOtQ==}
    engines: {node: '>=0.10.0'}

  lazy-cache@1.0.4:
    resolution: {integrity: sha512-RE2g0b5VGZsOCFOCgP7omTRYFqydmZkBwl5oNnQ1lDYC57uyO9KqNnNVxT7COSHTxrRCWVcAVOcbjk+tvh/rgQ==}
    engines: {node: '>=0.10.0'}

  longest@1.0.1:
    resolution: {integrity: sha512-k+yt5n3l48JU4k8ftnKG6V7u32wyH2NfKzeMto9F/QRE0amxy/LayxwlvjjkZEIzqR+19IrtFO8p5kB9QaYUFg==}
    engines: {node: '>=0.10.0'}

  lru-cache@11.5.3:
    resolution: {integrity: sha512-U4N8FgzmWxc8k1VH8Kr6lQg18U7Fjvby6wXHVRX/ZZ7IwWbRMgrRbP0Wrb5q5NVinryp4SQampHKdvtecItxUg==}
    engines: {node: 20 || >=22}

  lru-cache@2.7.3:
    resolution: {integrity: sha512-WpibWJ60c3AgAz8a2iYErDrcT2C7OmKnsWhIcHOjkUHFjkXncJhtLxNSqUmxRxRunpb5I8Vprd7aNSd2NtksJQ==}

  minimatch@0.4.0:
    resolution: {integrity: sha512-yJKJL1g3to7f4C/9LzHXTzNh550xKGefiCls9RS+DDdsDpKpndY49UDZW5sj/3yeac3Hl2Px3w5bT8bM/dMrWQ==}
    deprecated: Please update to minimatch 3.0.2 or higher to avoid a RegExp DoS issue

  minimatch@10.2.6:
    resolution: {integrity: sha512-vpLQEs+VLCr1nU0BXS07maYoFwlDAH0gngQuuttxIwutDFEMHq2blX+8vpgxDdK3J1PwjCJiep77OitTZ4Ll1A==}
    engines: {node: 18 || 20 || >=22}

  minipass@7.1.3:
    resolution: {integrity: sha512-tEBHqDnIoM/1rXME1zgka9g6Q2lcoCkxHLuc7ODJ5BxbP5d4c2Z5cGgtXAku59200Cx7diuHTOYfSBD8n6mm8A==}
    engines: {node: '>=16 || 14 >=14.17'}

  mkdirp@0.3.0:
    resolution: {integrity: sha512-OHsdUcVAQ6pOtg5JYWpCBo9W/GySVuwvP9hueRMW7UqshC0tbfzLv8wjySTPm3tfUZ/21CE9E1pJagOA91Pxew==}
    deprecated: Legacy versions of mkdirp are no longer supported. Please update to mkdirp 1.x. (Note that the API surface has changed to use Promises in 1.x.)

  mkdirp@0.3.3:
    resolution: {integrity: sha512-Oamd41MnZw/yuxtarGf3MFbHzFqQY4S17DcN+rATh2t5MKuCtG7vVVRG+RUT6g9+hr47DIVucIHGOUlwmJRvDA==}
    deprecated: Legacy versions of mkdirp are no longer supported. Please update to mkdirp 1.x. (Note that the API surface has changed to use Promises in 1.x.)

  mocha@1.8.2:
    resolution: {integrity: sha512-+QeJMW92PTwTbz0i28m70eWLrvMyAr/2GBSW9mUD8y0HCcvvigNWk/6P7ahnlyw3pDeVVtoYLCUJV/UwBQaUjQ==}
    engines: {node: '>= 0.4.x'}
    deprecated: Mocha v1.x is no longer supported.
    hasBin: true

  ms@0.3.0:
    resolution: {integrity: sha512-25BVmSAdN4KRX7XeI6/gwQ9ewx6t9QB9/8X2fVJUUDpPc03qTRaEPgt5bTMZQ5T2l+XT+haSfqIkysOupDsSVQ==}

  ms@2.1.3:
    resolution: {integrity: sha512-6FlzubTLZG3J2a/NVCAleEhjzq5oxgHyaCU9yYXvcLsvoVaHJq/s5xXI6/XXP6tz7R9xAOtHnSO/tXtF3WRTlA==}

  path-scurry@2.0.2:
    resolution: {integrity: sha512-3O/iVVsJAPsOnpwWIeD+d6z/7PmqApyQePUtCndjatj/9I5LylHvt5qluFaBT3I5h3r1ejfR056c+FCv+NnNXg==}
    engines: {node: 18 || 20 || >=22}

  peakle@0.0.1:
    resolution: {integrity: sha512-VKNRHu+WvUQJfw6Y86hbRETGfNcr//n0PiGfRt5XsEm15uNIYYISD4pp9R/HV5uxT658fVD1cO5beUcFwoWYuw==}

  repeat-string@1.6.1:
    resolution: {integrity: sha512-PV0dzCYDNfRi1jCDbJzpW7jNNDRuCOG/jI5ctQcGKt/clZD+YcPS3yIlWuTJMmESC8aevCFmWJy5wjAFgNqN6w==}
    engines: {node: '>=0.10'}

  requirejs@2.3.8:
    resolution: {integrity: sha512-7/cTSLOdYkNBNJcDMWf+luFvMriVm7eYxp4BcFCsAX0wF421Vyce5SXP17c+Jd5otXKGNehIonFlyQXSowL6Mw==}
    engines: {node: '>=0.4.0'}
    hasBin: true

  right-align@0.1.3:
    resolution: {integrity: sha512-yqINtL/G7vs2v+dFIZmFUDbnVyFUJFKd6gK22Kgo6R4jfJGFtisKyncWDDULgjfqf4ASQuIQyjJ7XZ+3aWpsAg==}
    engines: {node: '>=0.10.0'}

  shelljs@0.1.4:
    resolution: {integrity: sha512-UkXLBuUzAJwkal/0eYnQs8LpXQ4grKL5kPtA0RkUzhj1khUvw5Z2d717GRTRclDWQ+Y14yWkiM9cJX2CwSHxpw==}
    hasBin: true

  sigmund@1.0.1:
    resolution: {integrity: sha512-fCvEXfh6NWpm+YSuY2bpXb/VIihqWA6hLsgboC+0nl71Q7N7o2eaCW8mJa/NLvQhs6jpd3VZV4UiUQlV6+lc8g==}

  source-map@0.5.7:
    resolution: {integrity: sha512-LbrmJOMUSdEVxIKvdcJzQC+nQhe8FUZQTXQy6+I75skNgn3OoQ0DZA8YnFa7gp8tqtL3KPf1kmo0R5DoApeSGQ==}
    engines: {node: '>=0.10.0'}

  uglify-js@2.7.5:
    resolution: {integrity: sha512-RvbIYn4DIadCg1MV7YP7OrpxnVrtEieZzbK0KSQvwWGAHojqWJxInkQhmtYGRo9PTwwkJkljIgzMyA1VitEc4Q==}
    engines: {node: '>=0.8.0'}
    hasBin: true

  uglify-to-browserify@1.0.2:
    resolution: {integrity: sha512-vb2s1lYx2xBtUgy+ta+b2J/GLVUR+wmpINwHePmPRhOsIVCG2wDzKJ0n14GslH1BifsqVzSOwQhRaCAsZ/nI4Q==}

  underscore@1.4.4:
    resolution: {integrity: sha512-ZqGrAgaqqZM7LGRzNjLnw5elevWb5M8LEoDMadxIW3OWbcv72wMMgKdwOKpd5Fqxe8choLD8HN3iSj3TUh/giQ==}

  verup@1.7.1:
    resolution: {integrity: sha512-rsL+iTX/IDKOArkCPrE3wXI1/b5KsEGFLw2eT+w4EtJCAqOsqU17gJzxnMXZMWENjmPHcBu4zHKGXDe6L8QSCQ==}
    hasBin: true

  window-size@0.1.0:
    resolution: {integrity: sha512-1pTPQDKTdd61ozlKGNCjhNRd+KPmgLSGa3mZTHoOliaGcESD8G1PXhh7c1fgiPjVbNVfgy2Faw4BI8/m0cC8Mg==}
    engines: {node: '>= 0.8.0'}

  wordwrap@0.0.2:
    resolution: {integrity: sha512-xSBsCeh+g+dinoBv3GAOWM4LcVVO68wLXRanibtBSdUvkGWQRGeE9P7IwU9EmDDi4jA6L44lz15CGMwdw9N5+Q==}
    engines: {node: '>=0.4.0'}

  yargs@3.10.0:
    resolution: {integrity: sha512-QFzUah88GAGy9lyDKGBqZdkYApt63rCXYBGYnEP4xDJPXNqXXnBDACnbrXnViV6jRSqAePwrATi2i8mfYm4L1A==}

snapshots:

  align-text@0.1.4:
    dependencies:
      kind-of: 3.2.2
      longest: 1.0.1
      repeat-string: 1.6.1

  async@0.2.10: {}

  balanced-match@4.0.4: {}

  brace-expansion@5.0.12:
    dependencies:
      balanced-match: 4.0.4

  camelcase@1.2.1: {}

  center-align@0.1.3:
    dependencies:
      align-text: 0.1.4
      lazy-cache: 1.0.4

  cli@0.4.5:
    dependencies:
      glob: 13.0.6

  cliui@2.1.0:
    dependencies:
      center-align: 0.1.3
      right-align: 0.1.3
      wordwrap: 0.0.2

  commander@0.6.1: {}

  debug@4.4.3:
    dependencies:
      ms: 2.1.3

  decamelize@1.2.0: {}

  diff@1.0.2: {}

  esprima@https://github.com/ariya/esprima/tarball/master: {}

  glob@13.0.6:
    dependencies:
      minimatch: 10.2.6
      minipass: 7.1.3
      path-scurry: 2.0.2

  growl@1.7.0: {}

  is-buffer@1.1.6: {}

  jade@0.26.3:
    dependencies:
      commander: 0.6.1
      mkdirp: 0.3.0

  jshint@1.1.0:
    dependencies:
      cli: 0.4.5
      esprima: https://github.com/ariya/esprima/tarball/master
      minimatch: 0.4.0
      peakle: 0.0.1
      shelljs: 0.1.4
      underscore: 1.4.4

  kind-of@3.2.2:
    dependencies:
      is-buffer: 1.1.6

  lazy-cache@1.0.4: {}

  longest@1.0.1: {}

  lru-cache@11.5.3: {}

  lru-cache@2.7.3: {}

  minimatch@0.4.0:
    dependencies:
      lru-cache: 2.7.3
      sigmund: 1.0.1

  minimatch@10.2.6:
    dependencies:
      brace-expansion: 5.0.12

  minipass@7.1.3: {}

  mkdirp@0.3.0: {}

  mkdirp@0.3.3: {}

  mocha@1.8.2:
    dependencies:
      commander: 0.6.1
      debug: 4.4.3
      diff: 1.0.2
      growl: 1.7.0
      jade: 0.26.3
      mkdirp: 0.3.3
      ms: 0.3.0
    transitivePeerDependencies:
      - supports-color

  ms@0.3.0: {}

  ms@2.1.3: {}

  path-scurry@2.0.2:
    dependencies:
      lru-cache: 11.5.3
      minipass: 7.1.3

  peakle@0.0.1: {}

  repeat-string@1.6.1: {}

  requirejs@2.3.8: {}

  right-align@0.1.3:
    dependencies:
      align-text: 0.1.4

  shelljs@0.1.4: {}

  sigmund@1.0.1: {}

  source-map@0.5.7: {}

  uglify-js@2.7.5:
    dependencies:
      async: 0.2.10
      source-map: 0.5.7
      uglify-to-browserify: 1.0.2
      yargs: 3.10.0

  uglify-to-browserify@1.0.2: {}

  underscore@1.4.4: {}

  verup@1.7.1: {}

  window-size@0.1.0: {}

  wordwrap@0.0.2: {}

  yargs@3.10.0:
    dependencies:
      camelcase: 1.2.1
      cliui: 2.1.0
      decamelize: 1.2.0
      window-size: 0.1.0
