lockfileVersion: '9.0'

settings:
  autoInstallPeers: true
  excludeLinksFromLockfile: false

importers:

  .:
    dependencies:
      boom:
        specifier: 2.x.x
        version: 2.10.1
      hoek:
        specifier: 2.x.x
        version: 2.16.3
      items:
        specifier: 1.x.x
        version: 1.1.1
      joi:
        specifier: ^4.7.x
        version: 4.9.0
      lru-cache:
        specifier: 2.5.x
        version: 2.5.2
      mimos:
        specifier: 1.x.x
        version: 1.0.1
    devDependencies:
      hapi:
        specifier: 7.x.x
        version: 7.5.3
      lab:
        specifier: 4.x.x
        version: 4.7.0

packages:

  accept@1.1.0:
    resolution: {integrity: sha512-HDv67+8yQOc2AxloyYtzOE5QEoTq0zS2DHs5b/qr47QlwBxMUAikAvNBM2xYPzzG4OQhl87VZffCwfG5ZFtnWQ==}
    engines: {node: '>=0.10.32'}
    deprecated: This version has been deprecated in accordance with the hapi support policy (hapi.im/support). Please upgrade to the latest version to get the best features, bug fixes, and security patches. If you are unable to upgrade at this time, paid support is available for older versions (hapi.im/commercial).

  amdefine@1.0.1:
    resolution: {integrity: sha512-S2Hw0TtNkMJhIabBwIojKL9YHO5T0n5eNqWJ7Lrlel/zDbftQpxpapi8tZs3X1HWa+u+QeydGmzzNU0m09+Rcg==}
    engines: {node: '>=0.4.2'}

  ansi-regex@0.2.1:
    resolution: {integrity: sha512-sGwIGMjhYdW26/IhwK2gkWWI8DRCVO6uj3hYgHT+zD+QL1pa37tM3ujhyfcJIYSbsxp7Gxhy7zrRW/1AHm4BmA==}
    engines: {node: '>=0.10.0'}

  ansi-styles@1.1.0:
    resolution: {integrity: sha512-f2PKUkN5QngiSemowa6Mrk9MPCdtFiOSmibjZ+j1qhLGHHYsqZwmBMRF3IRMVXo8sybDqx2fJl2d/8OphBoWkA==}
    engines: {node: '>=0.10.0'}

  argparse@1.0.10:
    resolution: {integrity: sha512-o5Roy6tNG4SL/FOkCAN6RzjiakZS25RLYFrcMttJqbdd8BWrnA+fGz57iN5Pb06pvBGvl5gQ0B48dJlslXvoTg==}

  assertion-error@1.0.0:
    resolution: {integrity: sha512-g/gZV+G476cnmtYI+Ko9d5khxSoCSoom/EaNmmCfwpOvBXEJ18qwFrxfP1/CsIqk2no1sAKKwxndV0tP7ROOFQ==}

  async@0.2.10:
    resolution: {integrity: sha512-eAkdoKxU6/LkKDBzLpT+t6Ff5EtfSF4wx1WfJiPEEV7WNLnDaRXk0oVysiEPm262roaachGexwUv94WhSgN5TQ==}

  b64@2.0.1:
    resolution: {integrity: sha512-q1mrmys21xu5BsrmBdpXKh4Scgw93LQIuFdL66JMH3v+KxeDqYbH5D2rq+G7PZcZDlaKzjgRBeEEXL0KzZU01g==}
    engines: {node: '>=0.10.32'}
    deprecated: This version has been deprecated in accordance with the hapi support policy (hapi.im/support). Please upgrade to the latest version to get the best features, bug fixes, and security patches. If you are unable to upgrade at this time, paid support is available for older versions (hapi.im/commercial).

  boom@2.10.1:
    resolution: {integrity: sha512-KbiZEa9/vofNcVJXGwdWWn25reQ3V3dHBWbS07FTF3/TOehLnm9GEhJV4T6ZvGPkShRpmUqYwnaCrkj0mRnP6Q==}
    engines: {node: '>=0.10.40'}
    deprecated: This version has been deprecated in accordance with the hapi support policy (hapi.im/support). Please upgrade to the latest version to get the best features, bug fixes, and security patches. If you are unable to upgrade at this time, paid support is available for older versions (hapi.im/commercial).

  bossy@1.0.3:
    resolution: {integrity: sha512-SClh/uGtcbrVZakPioQTIHBJryzG4zlY0IQSNZ/dbxkVfWXXbzFNC6mgNCc4lDDamCSzUxYXVQWz+xIyERATpw==}
    engines: {node: '>=0.10.30'}
    deprecated: This module has moved and is now available at @hapi/bossy. Please update your dependencies as this version is no longer maintained an may contain bugs and security issues.

  call@1.0.0:
    resolution: {integrity: sha512-m+hmKD4IERrEEcOYrok/cydermFrvjz7GRxI/ZmYHvVeUDUXUgQ6NQNuORUHiY/QkgWvd2fZ8I55L30UtLbtaQ==}
    engines: {node: '>=0.10.30'}
    deprecated: This version has been deprecated in accordance with the hapi support policy (hapi.im/support). Please upgrade to the latest version to get the best features, bug fixes, and security patches. If you are unable to upgrade at this time, paid support is available for older versions (hapi.im/commercial).

  catbox-memory@1.1.2:
    resolution: {integrity: sha512-UcKPnS0uT68v4nwsFUIG0tdxEAAEKUDSkBuZn4ZB2C5I7OptznxdwiYGnlTdsCEhs40DboBUtruX76ZtQZRe+w==}
    engines: {node: '>=0.10.30'}
    deprecated: This version has been deprecated in accordance with the hapi support policy (hapi.im/support). Please upgrade to the latest version to get the best features, bug fixes, and security patches. If you are unable to upgrade at this time, paid support is available for older versions (hapi.im/commercial).

  catbox@4.3.0:
    resolution: {integrity: sha512-C8PFak12KrtC2M1BCeD7qJNdVlTaHfuTSg5OXuA/KbdTNnheomyLue/msLo2FizUm7yyBpnZQyKDTsXsi2AFew==}
    engines: {node: '>=0.10.32'}
    deprecated: This version has been deprecated in accordance with the hapi support policy (hapi.im/support). Please upgrade to the latest version to get the best features, bug fixes, and security patches. If you are unable to upgrade at this time, paid support is available for older versions (hapi.im/commercial).

  chai@1.10.0:
    resolution: {integrity: sha512-E3L9M2SeQU1XagJkE9KJyTAXXHKJkJ1EsKkFp0Rl53lYa3mro2PVgYHNiCb2YRa2nUeyg7aqmI1EIcSBayNd5w==}
    engines: {node: '>= 0.4.0'}

  chalk@0.5.1:
    resolution: {integrity: sha512-bIKA54hP8iZhyDT81TOsJiQvR1gW+ZYSXFaZUAvoD4wCHdbHY2actmpTE4x344ZlFqHbvoxKOaESULTZN2gstg==}
    engines: {node: '>=0.10.0'}

  content@1.0.2:
    resolution: {integrity: sha512-GoVLEdUNleuL4Nv/V4+j9IJOeA6yC/jjmKOslXv6SNWiMwmz0cy7nYNp1Dg12uMZ02yhXCwpvp4Iij0yasTnJw==}
    engines: {node: '>=0.10.32'}
    deprecated: This version has been deprecated in accordance with the hapi support policy (hapi.im/support). Please upgrade to the latest version to get the best features, bug fixes, and security patches. If you are unable to upgrade at this time, paid support is available for older versions (hapi.im/commercial).

  cryptiles@2.0.5:
    resolution: {integrity: sha512-FFN5KwpvvQTTS5hWPxrU8/QE4kQUc6uwZcrnlMBN82t1MgAtq8mnoDwINBly9Tdr02seeIIhtdF+UH1feBYGog==}
    engines: {node: '>=0.10.40'}
    deprecated: This version has been deprecated in accordance with the hapi support policy (hapi.im/support). Please upgrade to the latest version to get the best features, bug fixes, and security patches. If you are unable to upgrade at this time, paid support is available for older versions (hapi.im/commercial).

  debug@2.6.9:
    resolution: {integrity: sha512-bC7ElrdJaJnPbAP+1EotYvqZsb3ecl5wi6Bfi6BJTUcNowp6cvspg0jXznRTKDjm/E7AdgFBVeAPVMNcKGsHMA==}
    peerDependencies:
      supports-color: '*'
    peerDependenciesMeta:
      supports-color:
        optional: true

  deep-eql@0.1.3:
    resolution: {integrity: sha512-6sEotTRGBFiNcqVoeHwnfopbSpi5NbH1VWJmYCVkmxMmaVTT0bUTrNaGyBwhgP4MZL012W/mkzIn3Da+iDYweg==}

  deep-is@0.1.4:
    resolution: {integrity: sha512-oIPzksmTg4/MriiaYGO+okXDT7ztn/w3Eptv/+gSIdMdKsJo0u4CfYNFJPy+4SKMuCqGw2wxnA+URMg3t8a/bQ==}

  diff@1.4.0:
    resolution: {integrity: sha512-VzVc42hMZbYU9Sx/ltb7KYuQ6pqAw+cbFWVy4XKdkuEL2CFaRLGEnISPs7YdzaUGpi+CpIqvRmu7hPQ4T7EQ5w==}
    engines: {node: '>=0.3.1'}

  doctrine@0.5.2:
    resolution: {integrity: sha512-5Am86VgzxXgh5mgzTbPxO/LPIgJG9oN7+FbmPGZE4DnQNjr7WpH58fd2UeuCoLOjLG4CpTffbSQ1oib+2KCXvA==}
    engines: {node: '>=0.10.0'}

  escape-string-regexp@1.0.5:
    resolution: {integrity: sha512-vbRorB5FUQWvla16U8R/qgaFIya2qGzwDrNmCZuYKrbdSUMG6I1ZCGQRefkRVhuOkIGVne7BQ35DSfo1qvJqFg==}
    engines: {node: '>=0.8.0'}

  escope@1.0.3:
    resolution: {integrity: sha512-PgST3E92KAnuUX/4PXwpE9RI8jubyyTGIN73mfhl0XP4H+hiA7JqvhXNfffs+naSk41Eipq/klcmoGsCrjxPlQ==}
    engines: {node: '>=0.4.0'}

  eslint@0.8.2:
    resolution: {integrity: sha512-z8GZGAfXyJdcg2t1rb3F1TzDnLZq7jmDOk8whVJ6r3MDcmytzU2j9pjTKKnEm4CyVct0RtXnPe1KJ2nLxor+VA==}
    engines: {node: '>=0.10'}
    deprecated: This version is no longer supported. Please see https://eslint.org/version-support for other options.
    hasBin: true

  esprima@1.2.5:
    resolution: {integrity: sha512-S9VbPDU0adFErpDai3qDkjq8+G05ONtKzcyNrPKg/ZKa+tf879nX2KexNU95b31UoTJjRLInNBHHHjFPoCd7lQ==}
    engines: {node: '>=0.4.0'}
    hasBin: true

  esprima@2.0.0:
    resolution: {integrity: sha512-Nn4dBM9pwAzo5GSAbfKWiT66gqBh3elZgrC242j42cbKpkmnkgX9UINXeC++e013U0qXq5xowcB0Bgkwg09s0g==}
    engines: {node: '>=0.4.0'}
    hasBin: true

  estraverse@1.5.1:
    resolution: {integrity: sha512-FpCjJDfmo3vsc/1zKSeqR5k42tcIhxFIlvq+h9j0fO2q/h2uLKyweq7rYJ+0CoVvrGQOxIS5wyBrW/+vF58BUQ==}
    engines: {node: '>=0.4.0'}

  estraverse@2.0.0:
    resolution: {integrity: sha512-3liNs3aDBUmf9Hl3YRLqz7Zop0iiTxWaa/ayuxoVS441zjjTPowZJ/uH3y5yhPcXmrLj2rS6Pvu7tfOC7kT61A==}
    engines: {node: '>=0.10.0'}

  fast-levenshtein@1.0.7:
    resolution: {integrity: sha512-hYsfI0s4lfQ2rHVFKXwAr/L/ZSbq9TZwgXtZqW7ANcn9o9GKvcbWxOnxx7jykXf/Ezv1V8TvaBEKcGK7DWKX5A==}

  glue@1.0.0:
    resolution: {integrity: sha512-W8xErlKlviKVW91dhAfM/M9WR5j8g/amJ+6pS48NsH1Rwhwno6RlEEEsC8jvczbe7X0xnPUFvg1ey8XfWuI6/w==}
    engines: {node: '>=0.10.32'}
    deprecated: This module has moved and is now available at @hapi/glue. Please update your dependencies as this version is no longer maintained an may contain bugs and security issues.

  h2o2@2.0.1:
    resolution: {integrity: sha512-7UFEsQYvcecZcbH7UwJ0RwvmBybJGbwiQuM/hPK6Q4uMVxoZ77EjabHCjm2OSXxqS2aaKOGEDYrITD8Dy/fIEw==}
    engines: {node: '>=0.10.32'}
    deprecated: This module has moved and is now available at @hapi/h2o2. Please update your dependencies as this version is no longer maintained an may contain bugs and security issues.

  handlebars@1.3.0:
    resolution: {integrity: sha512-l7sLUTqXCkc1Ypoy8mSOWZFEZJK3VYQYnLfIVTRJeSHdgzt6hXkQ0uPGugydPa99KyyBdsi0J3WvYfm/HX5naQ==}
    engines: {node: '>=0.4.7'}
    hasBin: true

  hapi@7.5.3:
    resolution: {integrity: sha512-gXE+bi42vhFAvymKClktt5tuuTYtEh1h2yTvk63ZNtDudhNOFtE1KdGDNSxR98kf5JwJ6NN8XNYCZSBa1YlEmg==}
    engines: {node: '>=0.10.32'}
    deprecated: This version contains severe security issues and defects and should not be used! Please upgrade to the latest version of @hapi/hapi or consider a commercial license (https://github.com/hapijs/hapi/issues/4114)
    hasBin: true

  has-ansi@0.1.0:
    resolution: {integrity: sha512-1YsTg1fk2/6JToQhtZkArMkurq8UoWU1Qe0aR3VUHjgij4nOylSWLWAtBXoZ4/dXOmugfLGm1c+QhuD0JyedFA==}
    engines: {node: '>=0.10.0'}
    hasBin: true

  heavy@1.0.0:
    resolution: {integrity: sha512-TuN+y5iPud6zFO56XPlO03qQSW7Y5Afg5HBTnBPt2RWyZTDx72JHZLeXqYopLsemI/DbzhW9PKYLta14Tm+UVQ==}
    engines: {node: '>=0.10.32'}
    deprecated: This version has been deprecated in accordance with the hapi support policy (hapi.im/support). Please upgrade to the latest version to get the best features, bug fixes, and security patches. If you are unable to upgrade at this time, paid support is available for older versions (hapi.im/commercial).

  hoek@2.16.3:
    resolution: {integrity: sha512-V6Yw1rIcYV/4JsnggjBU0l4Kr+EXhpwqXRusENU1Xx6ro00IHPHYNynCuBTOZAPlr3AAmLvchH9I7N/VUdvOwQ==}
    engines: {node: '>=0.10.40'}
    deprecated: This version has been deprecated in accordance with the hapi support policy (hapi.im/support). Please upgrade to the latest version to get the best features, bug fixes, and security patches. If you are unable to upgrade at this time, paid support is available for older versions (hapi.im/commercial).

  inert@1.1.1:
    resolution: {integrity: sha512-lGOEzVEJ9JRGY/0ETcAreqdHtFBTMDtmVHGQj0GkBzaleVoqJjZ60UPS4bOhdB3YqEo2ScPX2D/z1SyLoYiMlA==}
    engines: {node: '>=0.10.32'}
    deprecated: This version has been deprecated in accordance with the hapi support policy (hapi.im/support). Please upgrade to the latest version to get the best features, bug fixes, and security patches. If you are unable to upgrade at this time, paid support is available for older versions (hapi.im/commercial).

  iron@2.1.3:
    resolution: {integrity: sha512-F0TZZhDcpexFAlXQtkAY7gVrMJhCsXmK1SSj8ohbgwPH/F+2CBBca2j/F1Bt6csv9bbaHFJiSokCzW/fiGHeFg==}
    engines: {node: '>=0.10.32'}
    deprecated: This version has been deprecated in accordance with the hapi support policy (hapi.im/support). Please upgrade to the latest version to get the best features, bug fixes, and security patches. If you are unable to upgrade at this time, paid support is available for older versions (hapi.im/commercial).

  isemail@1.2.0:
    resolution: {integrity: sha512-pZMb1rDrWRAPtVY92VCxWtF+1gExWrCnao+GL1EKHx6z19ovW+xNcnC1iNB7WkbSYWlyl3uwlaH5eaBx2s2crw==}
    engines: {node: '>=0.10'}

  items@1.1.1:
    resolution: {integrity: sha512-6f/pBqlK914RLkxsvsmX2xGEMhIVkMQI3rz2RuQ1s5h9IvIzNzngMowLO0k73eseiv4T//zTlW+t7YOBN0TmxQ==}
    engines: {node: '>=0.10.40'}
    deprecated: This module has been deprecated in accordance with the hapi support policy (hapi.im/support). Please upgrade to the latest version of hapi to get the best features, bug fixes, and security patches. If you are unable to upgrade at this time, paid support is available for older versions (hapi.im/commercial).

  joi@4.9.0:
    resolution: {integrity: sha512-7Vrzrght2JvfdbW/fQh3joGE+oWlAfUKUteZY3V8hDNnoHQI/w7fBrihVnbCY6wiO1RruCqIZDuEdUN6X8i3gQ==}
    engines: {node: '>=0.10.30'}
    deprecated: This version has been deprecated in accordance with the hapi support policy (hapi.im/support). Please upgrade to the latest version to get the best features, bug fixes, and security patches. If you are unable to upgrade at this time, paid support is available for older versions (hapi.im/commercial).

  joi@6.10.1:
    resolution: {integrity: sha512-K6+OwGaWM1sBEu+XMbgC4zDmg6hnddS2DWiCVtjnhkcrzv+ejSfh7HGUsoxmWQkv6kHEsVFAywttfkpmIE2QwQ==}
    engines: {node: '>=0.10.40', npm: '>=2.0.0'}
    deprecated: This version has been deprecated in accordance with the hapi support policy (hapi.im/support). Please upgrade to the latest version to get the best features, bug fixes, and security patches. If you are unable to upgrade at this time, paid support is available for older versions (hapi.im/commercial).

  js-yaml@3.2.7:
    resolution: {integrity: sha512-mV4Mf9iZluwNTw5dU93TJoQFTes57+KAQi+70G9XKChV7uBi3u+fd7+JSa2fQRGfii+YVSMunxgFtD29PLpj6g==}
    hasBin: true

  kilt@1.1.1:
    resolution: {integrity: sha512-j6qVf+w10bxAvgCDyLx6tfza3lpPmjFMkg0HcVvWIvCL4CQ1VMeN6VNWhKDBGTeqc1iBz3pHPbgVfGeQNYQuoQ==}
    engines: {node: '>=0.10.30'}
    deprecated: This module is no longer maintained.

  lab@4.7.0:
    resolution: {integrity: sha512-9dlD2+Rs+qtdUuCKQ5/3fgTWVpxjGpnH3cM9b7+zlBtf/DrGXRJVX94cmOQCDxJnQLXmqwTYYwFE15pxH/jVMw==}
    engines: {node: '>=0.10.30'}
    deprecated: This version has been deprecated in accordance with the hapi support policy (hapi.im/support). Please upgrade to the latest version to get the best features, bug fixes, and security patches. If you are unable to upgrade at this time, paid support is available for older versions (hapi.im/commercial).
    hasBin: true

  levn@0.2.5:
    resolution: {integrity: sha512-mvp+NO++YH0B+e8cC/SvJxk6k5Z9Ngd3iXuz7tmT8vZCyQZj/5SI1GkFOiZGGPkm5wWGI9SUrqiAfPq7BJH+0w==}
    engines: {node: '>= 0.8.0'}

  lru-cache@2.5.2:
    resolution: {integrity: sha512-wyqfj+623mgqv+bpjTdivSoC/LtY9oOrmKz2Cke0NZcgYW9Kce/qWjd9e5PDYf8wuiKfVeo8VnyOSSyeRiUsLw==}

  mime-db@1.54.0:
    resolution: {integrity: sha512-aU5EJuIN2WDemCcAp2vFBfp/m4EAhWJnUNSSw0ixs7/kXbd6Pg64EmwJkNdFhB8aWt1sH2CTXrLxo/iAGV3oPQ==}
    engines: {node: '>= 0.6'}

  mimos@1.0.1:
    resolution: {integrity: sha512-ppWXAA79L+uoNsaRfxVRW27wHP+kZ/rgJ1YLrH7dBJ+7yQ/aWoL43IPtekzzwGYSrkUZVOEx7FMuz+GwC8TluA==}
    engines: {node: '>=0.10.32'}
    deprecated: This version has been deprecated in accordance with the hapi support policy (hapi.im/support). Please upgrade to the latest version to get the best features, bug fixes, and security patches. If you are unable to upgrade at this time, paid support is available for older versions (hapi.im/commercial).

  minimatch@1.0.0:
    resolution: {integrity: sha512-Ejh5Odk/uFXAj5nf/NSXk0UamqcGAfOdHI7nY0zvCHyn4f3nKLFoUTp+lYxDxSih/40uW8lpwDplOWHdWkQXWA==}
    deprecated: Please update to minimatch 3.0.2 or higher to avoid a RegExp DoS issue

  minimist@1.2.8:
    resolution: {integrity: sha512-2yyAR8qBkN3YuheJanUpWC5U3bb5osDywNB8RzDVlDwDHbocAJveqqj1u8+SVD7jkWT4yvsHCpWqqWqAxb0zCA==}

  mkdirp@0.5.6:
    resolution: {integrity: sha512-FP+p8RB8OWpF3YZBCrP5gtADmtXApB5AMLn+vdyA+PyxCjrCs00mjyUozssO33cwDeT3wNGdLxJ5M//YqtHAJw==}
    hasBin: true

  moment@2.31.0:
    resolution: {integrity: sha512-0acOTfMiWOheYS4eoWb80yYMb/JLvVv9SHbs2PehaDzfUG0Bw855SKyk0IKTnPGa5+U2bmi3W68l1+sGLX/pvw==}

  ms@2.0.0:
    resolution: {integrity: sha512-Tpp60P6IUJDTuOq/5Z8cdskzJujfwqfOTkrwIwj7IRISpnkJnT6SyJ4PCPnGMoFjC9ddhal5KVIYtAt97ix05A==}

  nigel@1.0.1:
    resolution: {integrity: sha512-bs0NxZsCVwz2Uzu/OyOyACETg3pXqPtWLt+k/E4G1Wo0cwc1YeSmDoH2dCz95fqrhKTsx9sHCcNR1amm8dCT5g==}
    engines: {node: '>=0.10.32'}
    deprecated: This version has been deprecated in accordance with the hapi support policy (hapi.im/support). Please upgrade to the latest version to get the best features, bug fixes, and security patches. If you are unable to upgrade at this time, paid support is available for older versions (hapi.im/commercial).

  object-assign@1.0.0:
    resolution: {integrity: sha512-LpUkixU1BUMQ6bwUHbOue4IGGbdRbxi+IEZw7zHniw78erlxrKGHbhfLbHIsI35LGbGqys6QOrjVmLnD2ie+1A==}
    engines: {node: '>=0.10.0'}

  optimist@0.3.7:
    resolution: {integrity: sha512-TCx0dXQzVtSCg2OgY/bO9hjM9cV4XYx09TVK+s3+FhkjT6LovsLe+pPMzpWf+6yXK/hUizs2gUoTw3jHM0VaTQ==}

  optionator@0.4.0:
    resolution: {integrity: sha512-4pYF8ZAL/bbPvlGHaIhaAacAdJcoJkVIVAyKYjyHz0NMkvAH2aA7xSLsYMR6n0sPzKJWqmKEBkICgnO2nwinoA==}
    engines: {node: '>= 0.8.0'}

  pez@1.0.0:
    resolution: {integrity: sha512-5A4pXNMpVIxqCkFPSHf7hgXq9i67sWsK5K9+P5xn2Iw5fbcXV2SNuKWf6nVRRf3P9Gq2VLgj9lEbkuLjetrgbg==}
    engines: {node: '>=0.10.32'}
    deprecated: This version has been deprecated in accordance with the hapi support policy (hapi.im/support). Please upgrade to the latest version to get the best features, bug fixes, and security patches. If you are unable to upgrade at this time, paid support is available for older versions (hapi.im/commercial).

  prelude-ls@1.1.2:
    resolution: {integrity: sha512-ESF23V4SKG6lVSGZgYNpbsiaAkdab6ZgOxe52p7+Kid3W3u3bxR4Vfd/o21dmN7jSt0IwgZ4v5MUd26FEtXE9w==}
    engines: {node: '>= 0.8.0'}

  qs@2.4.2:
    resolution: {integrity: sha512-Ur2glV49dt6jknphzkWeLUNCy7pmwGxGaEJuuxVVBioSwQzT00cZPLEtRqr4cg/iO/6N+RbfB0lFD2EovyeEng==}

  qs@4.0.0:
    resolution: {integrity: sha512-8MPmJ83uBOPsQj5tQCv4g04/nTiY+d17yl9o3Bw73vC6XlEm2POIRRlOgWJ8i74bkGLII670cDJJZkgiZ2sIkg==}

  rejoice@1.0.0:
    resolution: {integrity: sha512-imR011ocCe61TGL6qhjt7LCb+80E0J5oR2KDH1S4DwJL3KBfEy/0XKylXl4O2WzbP3Aw34ojO5FJjAQDceBpTA==}
    engines: {node: '>=0.10.32'}
    deprecated: This module is no longer actively maintained.
    hasBin: true

  shot@1.7.0:
    resolution: {integrity: sha512-6v6On/Z6PGQWPoaJPo9lV3On1dJ6B4rh/hm1Fv0AcOuk1Ml9OhBDRkZ8Gz1qDBeqR2bu1LtqZ2pPDKI5DeMpxA==}
    engines: {node: '>=0.10.40'}
    deprecated: This version has been deprecated in accordance with the hapi support policy (hapi.im/support). Please upgrade to the latest version to get the best features, bug fixes, and security patches. If you are unable to upgrade at this time, paid support is available for older versions (hapi.im/commercial).

  sigmund@1.0.1:
    resolution: {integrity: sha512-fCvEXfh6NWpm+YSuY2bpXb/VIihqWA6hLsgboC+0nl71Q7N7o2eaCW8mJa/NLvQhs6jpd3VZV4UiUQlV6+lc8g==}

  source-map-support@0.2.10:
    resolution: {integrity: sha512-gGKOSat73z0V8wBKo9AGxZZyekczBireh1hHktbt+kb9acsCB5OfVCF2DCWlztcQ3r5oNN7f2BL0B2xOcoJ/DQ==}

  source-map@0.1.32:
    resolution: {integrity: sha512-htQyLrrRLkQ87Zfrir4/yN+vAUd6DNjVayEjTSHXu29AYQJw57I4/xEL/M6p6E/woPNJwvZt6rVlzc7gFEJccQ==}
    engines: {node: '>=0.8.0'}

  source-map@0.1.43:
    resolution: {integrity: sha512-VtCvB9SIQhk3aF6h+N85EaqIaBFIAfZ9Cu+NJHHVvc8BbEcnvDcFw6sqQ2dQrT6SlOrZq3tIvyD9+EGq/lJryQ==}
    engines: {node: '>=0.8.0'}

  sprintf-js@1.0.3:
    resolution: {integrity: sha512-D9cPgkvLlV3t3IzL0D0YLvGA9Ahk4PcvVwUbN0dSGr1aP0Nrt4AEnTUbuGvquEC0mA64Gqt1fzirlRs5ibXx8g==}

  statehood@1.2.0:
    resolution: {integrity: sha512-EutCEWz9Np096V/3DObN6gv9ADH3rJS4/rcvP1/vl3E1KdisZmIP/KEkrWlxklpCyXSfjP7phs79gidN6QMzXQ==}
    engines: {node: '>=0.10.30'}
    deprecated: This version has been deprecated in accordance with the hapi support policy (hapi.im/support). Please upgrade to the latest version to get the best features, bug fixes, and security patches. If you are unable to upgrade at this time, paid support is available for older versions (hapi.im/commercial).

  strip-ansi@0.3.0:
    resolution: {integrity: sha512-DerhZL7j6i6/nEnVG0qViKXI0OKouvvpsAiaj7c+LfqZZZxdwZtv8+UiA/w4VUJpT8UzX0pR1dcHOii1GbmruQ==}
    engines: {node: '>=0.10.0'}
    hasBin: true

  strip-json-comments@1.0.4:
    resolution: {integrity: sha512-AOPG8EBc5wAikaG1/7uFCNFJwnKOuQwFTpYBdTW6OvWHeZBQBrAA/amefHGrEiOnCPcLFZK6FUPtWVKpQVIRgg==}
    engines: {node: '>=0.8.0'}
    hasBin: true

  subtext@1.1.1:
    resolution: {integrity: sha512-+V+WHkjp+DyG62LNIa7+XB5hS+BjTM4rnrKSN9EiMD8nYLwFc9yTdUCJ4D2xvhb+Zx4GtdSV7lsxp6HVgisChw==}
    engines: {node: '>=0.10.32'}
    deprecated: This version has been deprecated in accordance with the hapi support policy (hapi.im/support). Please upgrade to the latest version to get the best features, bug fixes, and security patches. If you are unable to upgrade at this time, paid support is available for older versions (hapi.im/commercial).

  supports-color@0.2.0:
    resolution: {integrity: sha512-tdCZ28MnM7k7cJDJc7Eq80A9CsRFAAOZUy41npOZCs++qSjfIy7o5Rh46CBk+Dk5FbKJ33X3Tqg4YrV07N5RaA==}
    engines: {node: '>=0.10.0'}
    hasBin: true

  text-table@0.2.0:
    resolution: {integrity: sha512-N+8UisAXDGk8PFXP4HAzVR9nbfmVJ3zYLAWiTIoqC5v5isinhr+r5uaO8+7r3BMfuNIufIsA7RdpVgacC2cSpw==}

  topo@1.1.0:
    resolution: {integrity: sha512-vpmONxdZoD0R3hzH0lovwv8QmsqZmGCDE1wXW9YGD/reiDOAbPKEgRDlBCAt8u8nJhav/s/I+r+1gvdpA11x7Q==}
    engines: {node: '>=0.10.40'}
    deprecated: This version has been deprecated in accordance with the hapi support policy (hapi.im/support). Please upgrade to the latest version to get the best features, bug fixes, and security patches. If you are unable to upgrade at this time, paid support is available for older versions (hapi.im/commercial).

  type-check@0.3.2:
    resolution: {integrity: sha512-ZCmOJdvOWDBYJlzAoFkC+Q0+bUyEOS1ltgp1MGU03fqHG+dbi9tBFU2Rd9QKiDZFAYrhPh2JUf7rZRIuHRKtOg==}
    engines: {node: '>= 0.8.0'}

  type-detect@0.1.1:
    resolution: {integrity: sha512-5rqszGVwYgBoDkIm2oUtvkfZMQ0vk29iDMU0W2qCa3rG0vPDNczCMT4hV/bLBgLg8k8ri6+u3Zbt+S/14eMzlA==}

  uglify-js@2.3.6:
    resolution: {integrity: sha512-T2LWWydxf5+Btpb0S/Gg/yKFmYjnX9jtQ4mdN9YRq73BhN21EhU0Dvw3wYDLqd3TooGUJlCKf3Gfyjjy/RTcWA==}
    engines: {node: '>=0.4.0'}
    hasBin: true

  user-home@1.1.1:
    resolution: {integrity: sha512-aggiKfEEubv3UwRNqTzLInZpAOmKzwdHqEBmW/hBA/mt99eg+b4VrX6i+IRLxU8+WJYfa33rGwRseg4eElUgsQ==}
    engines: {node: '>=0.10.0'}
    hasBin: true

  vise@1.0.0:
    resolution: {integrity: sha512-wj1sS3OTkQr/BmJWziTUVMYf6XbQPiHN15POXsJwavwqcKNk7cht1GQJ4JG8kDiRRYpP0i230OW8lbg5jD3ZxQ==}
    engines: {node: '>=0.10.32'}
    deprecated: This version has been deprecated in accordance with the hapi support policy (hapi.im/support). Please upgrade to the latest version to get the best features, bug fixes, and security patches. If you are unable to upgrade at this time, paid support is available for older versions (hapi.im/commercial).

  vision@1.2.2:
    resolution: {integrity: sha512-B14h3joA9cQUtlc8CE2Bb+bPN0UAVLOGsbO4Puqpmu1fxWjUnrJqqXizcRrW3PgYg/pcCm5zJRQiIfn6yq7aeQ==}
    engines: {node: '>=0.10.32'}
    deprecated: This version has been deprecated in accordance with the hapi support policy (hapi.im/support). Please upgrade to the latest version to get the best features, bug fixes, and security patches. If you are unable to upgrade at this time, paid support is available for older versions (hapi.im/commercial).

  wordwrap@0.0.3:
    resolution: {integrity: sha512-1tMA907+V4QmxV7dbRvb4/8MaRALK6q9Abid3ndMYnbyo8piisCmeONVqVSXqQA3KaP4SLt5b7ud6E2sqP8TFw==}
    engines: {node: '>=0.4.0'}

  wreck@5.6.1:
    resolution: {integrity: sha512-qQn23Ckfti1VoG4uk4FbBBmoIZ1gnzhxhsDYfvWcESyjBnUU173M+0M8+NrxpGaT1W+qmU+MamE4Hj6L8la+TQ==}
    engines: {node: '>=0.10.30'}
    deprecated: This version has been deprecated in accordance with the hapi support policy (hapi.im/support). Please upgrade to the latest version to get the best features, bug fixes, and security patches. If you are unable to upgrade at this time, paid support is available for older versions (hapi.im/commercial).

  wreck@6.3.0:
    resolution: {integrity: sha512-jRAfuPkekn1Mr+1qSB5UK53WXVbbqJKV9GYqe4ue1eStEyiICSES58jGXAbxF5hzSJupy9/F3GBu5YDxVGYdzw==}
    engines: {node: '>=0.10.40'}
    deprecated: This version has been deprecated in accordance with the hapi support policy (hapi.im/support). Please upgrade to the latest version to get the best features, bug fixes, and security patches. If you are unable to upgrade at this time, paid support is available for older versions (hapi.im/commercial).

  xml-escape@1.0.0:
    resolution: {integrity: sha512-gCT82WbwOT9SBI/94j5i0tqHpjHIP/0kP11BS8s2wcBtdcFsDNLS9sLvA+C55fD3hpGhgnE/r7hfeBFkiMATjw==}

snapshots:

  accept@1.1.0:
    dependencies:
      boom: 2.10.1
      hoek: 2.16.3

  amdefine@1.0.1: {}

  ansi-regex@0.2.1: {}

  ansi-styles@1.1.0: {}

  argparse@1.0.10:
    dependencies:
      sprintf-js: 1.0.3

  assertion-error@1.0.0: {}

  async@0.2.10:
    optional: true

  b64@2.0.1:
    dependencies:
      hoek: 2.16.3

  boom@2.10.1:
    dependencies:
      hoek: 2.16.3

  bossy@1.0.3:
    dependencies:
      hoek: 2.16.3

  call@1.0.0:
    dependencies:
      boom: 2.10.1
      hoek: 2.16.3

  catbox-memory@1.1.2:
    dependencies:
      hoek: 2.16.3

  catbox@4.3.0:
    dependencies:
      boom: 2.10.1
      hoek: 2.16.3
      joi: 6.10.1

  chai@1.10.0:
    dependencies:
      assertion-error: 1.0.0
      deep-eql: 0.1.3

  chalk@0.5.1:
    dependencies:
      ansi-styles: 1.1.0
      escape-string-regexp: 1.0.5
      has-ansi: 0.1.0
      strip-ansi: 0.3.0
      supports-color: 0.2.0

  content@1.0.2:
    dependencies:
      boom: 2.10.1
      hoek: 2.16.3

  cryptiles@2.0.5:
    dependencies:
      boom: 2.10.1

  debug@2.6.9:
    dependencies:
      ms: 2.0.0

  deep-eql@0.1.3:
    dependencies:
      type-detect: 0.1.1

  deep-is@0.1.4: {}

  diff@1.4.0: {}

  doctrine@0.5.2: {}

  escape-string-regexp@1.0.5: {}

  escope@1.0.3:
    dependencies:
      estraverse: 2.0.0

  eslint@0.8.2:
    dependencies:
      chalk: 0.5.1
      debug: 2.6.9
      doctrine: 0.5.2
      escope: 1.0.3
      esprima: 1.2.5
      estraverse: 1.5.1
      js-yaml: 3.2.7
      minimatch: 1.0.0
      mkdirp: 0.5.6
      object-assign: 1.0.0
      optionator: 0.4.0
      strip-json-comments: 1.0.4
      text-table: 0.2.0
      user-home: 1.1.1
      xml-escape: 1.0.0
    transitivePeerDependencies:
      - supports-color

  esprima@1.2.5: {}

  esprima@2.0.0: {}

  estraverse@1.5.1: {}

  estraverse@2.0.0: {}

  fast-levenshtein@1.0.7: {}

  glue@1.0.0:
    dependencies:
      boom: 2.10.1
      hoek: 2.16.3
      items: 1.1.1
      joi: 4.9.0

  h2o2@2.0.1:
    dependencies:
      boom: 2.10.1
      hoek: 2.16.3
      joi: 4.9.0
      statehood: 1.2.0
      wreck: 5.6.1

  handlebars@1.3.0:
    dependencies:
      optimist: 0.3.7
    optionalDependencies:
      uglify-js: 2.3.6

  hapi@7.5.3:
    dependencies:
      accept: 1.1.0
      boom: 2.10.1
      call: 1.0.0
      catbox: 4.3.0
      catbox-memory: 1.1.2
      cryptiles: 2.0.5
      glue: 1.0.0
      h2o2: 2.0.1
      heavy: 1.0.0
      hoek: 2.16.3
      inert: 1.1.1
      iron: 2.1.3
      items: 1.1.1
      joi: 4.9.0
      kilt: 1.1.1
      mimos: 1.0.1
      qs: 2.4.2
      rejoice: 1.0.0
      shot: 1.7.0
      statehood: 1.2.0
      subtext: 1.1.1
      topo: 1.1.0
      vision: 1.2.2
      wreck: 5.6.1

  has-ansi@0.1.0:
    dependencies:
      ansi-regex: 0.2.1

  heavy@1.0.0:
    dependencies:
      hoek: 2.16.3
      joi: 4.9.0

  hoek@2.16.3: {}

  inert@1.1.1:
    dependencies:
      boom: 2.10.1
      hoek: 2.16.3
      items: 1.1.1
      joi: 4.9.0
      lru-cache: 2.5.2
      mimos: 1.0.1

  iron@2.1.3:
    dependencies:
      boom: 2.10.1
      cryptiles: 2.0.5
      hoek: 2.16.3

  isemail@1.2.0: {}

  items@1.1.1: {}

  joi@4.9.0:
    dependencies:
      hoek: 2.16.3
      isemail: 1.2.0
      moment: 2.31.0
      topo: 1.1.0

  joi@6.10.1:
    dependencies:
      hoek: 2.16.3
      isemail: 1.2.0
      moment: 2.31.0
      topo: 1.1.0

  js-yaml@3.2.7:
    dependencies:
      argparse: 1.0.10
      esprima: 2.0.0

  kilt@1.1.1:
    dependencies:
      hoek: 2.16.3

  lab@4.7.0:
    dependencies:
      bossy: 1.0.3
      chai: 1.10.0
      diff: 1.4.0
      eslint: 0.8.2
      esprima: 1.2.5
      handlebars: 1.3.0
      hoek: 2.16.3
      items: 1.1.1
      source-map-support: 0.2.10
    transitivePeerDependencies:
      - supports-color

  levn@0.2.5:
    dependencies:
      prelude-ls: 1.1.2
      type-check: 0.3.2

  lru-cache@2.5.2: {}

  mime-db@1.54.0: {}

  mimos@1.0.1:
    dependencies:
      hoek: 2.16.3
      mime-db: 1.54.0

  minimatch@1.0.0:
    dependencies:
      lru-cache: 2.5.2
      sigmund: 1.0.1

  minimist@1.2.8: {}

  mkdirp@0.5.6:
    dependencies:
      minimist: 1.2.8

  moment@2.31.0: {}

  ms@2.0.0: {}

  nigel@1.0.1:
    dependencies:
      hoek: 2.16.3
      vise: 1.0.0

  object-assign@1.0.0: {}

  optimist@0.3.7:
    dependencies:
      wordwrap: 0.0.3

  optionator@0.4.0:
    dependencies:
      deep-is: 0.1.4
      fast-levenshtein: 1.0.7
      levn: 0.2.5
      prelude-ls: 1.1.2
      type-check: 0.3.2
      wordwrap: 0.0.3

  pez@1.0.0:
    dependencies:
      b64: 2.0.1
      boom: 2.10.1
      content: 1.0.2
      hoek: 2.16.3
      nigel: 1.0.1

  prelude-ls@1.1.2: {}

  qs@2.4.2: {}

  qs@4.0.0: {}

  rejoice@1.0.0:
    dependencies:
      bossy: 1.0.3
      hoek: 2.16.3

  shot@1.7.0:
    dependencies:
      hoek: 2.16.3

  sigmund@1.0.1: {}

  source-map-support@0.2.10:
    dependencies:
      source-map: 0.1.32

  source-map@0.1.32:
    dependencies:
      amdefine: 1.0.1

  source-map@0.1.43:
    dependencies:
      amdefine: 1.0.1
    optional: true

  sprintf-js@1.0.3: {}

  statehood@1.2.0:
    dependencies:
      boom: 2.10.1
      cryptiles: 2.0.5
      hoek: 2.16.3
      iron: 2.1.3
      items: 1.1.1

  strip-ansi@0.3.0:
    dependencies:
      ansi-regex: 0.2.1

  strip-json-comments@1.0.4: {}

  subtext@1.1.1:
    dependencies:
      boom: 2.10.1
      content: 1.0.2
      hoek: 2.16.3
      pez: 1.0.0
      qs: 4.0.0
      wreck: 6.3.0

  supports-color@0.2.0: {}

  text-table@0.2.0: {}

  topo@1.1.0:
    dependencies:
      hoek: 2.16.3

  type-check@0.3.2:
    dependencies:
      prelude-ls: 1.1.2

  type-detect@0.1.1: {}

  uglify-js@2.3.6:
    dependencies:
      async: 0.2.10
      optimist: 0.3.7
      source-map: 0.1.43
    optional: true

  user-home@1.1.1: {}

  vise@1.0.0:
    dependencies:
      hoek: 2.16.3

  vision@1.2.2:
    dependencies:
      boom: 2.10.1
      hoek: 2.16.3
      joi: 4.9.0

  wordwrap@0.0.3: {}

  wreck@5.6.1:
    dependencies:
      boom: 2.10.1
      hoek: 2.16.3

  wreck@6.3.0:
    dependencies:
      boom: 2.10.1
      hoek: 2.16.3

  xml-escape@1.0.0: {}
