lockfileVersion: '9.0'

settings:
  autoInstallPeers: true
  excludeLinksFromLockfile: false

importers:

  .:
    dependencies:
      mime:
        specifier: ~1.2.11
        version: 1.2.11
      minimist:
        specifier: ^0.2.0
        version: 0.2.4

packages:

  mime@1.2.11:
    resolution: {integrity: sha512-Ysa2F/nqTNGHhhm9MV8ure4+Hc+Y8AWiqUdHxsO7xu8zc92ND9f3kpALHjaP026Ft17UfxrMt95c50PLUeynBw==}

  minimist@0.2.4:
    resolution: {integrity: sha512-Pkrrm8NjyQ8yVt8Am9M+yUt74zE3iokhzbG1bFVNjLB92vwM71hf40RkEsryg98BujhVOncKm/C1xROxZ030LQ==}

snapshots:

  mime@1.2.11: {}

  minimist@0.2.4: {}
