lockfileVersion: '9.0'

settings:
  autoInstallPeers: true
  excludeLinksFromLockfile: false

importers:

  .:
    dependencies:
      base64url:
        specifier: ~1.0.4
        version: 1.0.6
      jwa:
        specifier: ~1.0.0
        version: 1.0.2
    devDependencies:
      tape:
        specifier: ~2.14.0
        version: 2.14.1

packages:

  base64url@0.0.6:
    resolution: {integrity: sha512-Nm33N5/uniFmlIxqu7wyfwUkAVhKdlY4wFHAnT6P+TJxPoaIASuAN7uyS1wUPsRTiv8yCT93p5P54txD7PRkVg==}

  base64url@1.0.6:
    resolution: {integrity: sha512-YJUNcKuU8Df1LhS3s9OzoYCAOZYHgAUGnDlPgXFCaJZwRzZLcnQ7uM9KRY6EFaJRvzxZqw2w+wCDigwpe+4XUw==}
    hasBin: true

  buffer-equal-constant-time@1.0.1:
    resolution: {integrity: sha512-zRpUiDwd/xk6ADqPMATG8vc9VPrkck7T07OIx0gnjmJAnHnTVXNQG3vfvWNuiZIkwu9KrKdA1iJKfsfTVxE6NA==}

  camelcase-keys@1.0.0:
    resolution: {integrity: sha512-hwNYKTjJTlDabjJp2xn0h8bRmOpObvXVgYbQmR+Xob/EeBDtYea3xttjr5hqiWqLWtI3/6xO7x1ZAktQ9up+ag==}
    engines: {node: '>=0.10.0'}

  camelcase@1.2.1:
    resolution: {integrity: sha512-wzLkDa4K/mzI1OSITC+DUyjgIl/ETNHE9QvYgy6J6Jvqyyz4C0Xfd+lQhb19sX2jMpZV4IssUn0VDVmglV+s4g==}
    engines: {node: '>=0.10.0'}

  concat-stream@1.4.11:
    resolution: {integrity: sha512-X3JMh8+4je3U1cQpG87+f9lXHDrqcb2MVLg9L7o8b1UZ0DzhRrUpdn65ttzu10PpJPPI3MQNkis+oha6TSA9Mw==}
    engines: {'0': node >= 0.8}

  core-util-is@1.0.3:
    resolution: {integrity: sha512-ZQBvi1DcpJ4GDqanjucZ2Hj3wEO5pZDS89BWbkcrvdxksJorwUDDZamX9ldFkp9aw2lmBDLgkObEA4DWNJ9FYQ==}

  deep-equal@0.2.2:
    resolution: {integrity: sha512-FXgye2Jr6oEk01S7gmSrHrPEQ1ontR7wwl+nYiZ8h4SXlHVm0DYda74BIPcHz2s2qPz4+375IcAz1vsWLwddgQ==}

  defined@0.0.0:
    resolution: {integrity: sha512-zpqiCT8bODLu3QSmLLic8xJnYWBFjOSu/fBCm189oAiTtPq/PSanNACKZDS7kgSyCJY7P+IcODzlIogBK/9RBg==}

  ecdsa-sig-formatter@1.0.11:
    resolution: {integrity: sha512-nagl3RYrbNv6kQkeJIpt6NJZy8twLB/2vtz6yN9Z4vRKHN4/QZJIEbqohALSgwKdnksuY3k5Addp5lg8sVoVcQ==}

  get-stdin@4.0.1:
    resolution: {integrity: sha512-F5aQMywwJ2n85s4hJPTT9RPxGmubonuB10MNYo17/xph174n2MIR33HRguhzVag10O/npM7SPk73LMZNP+FaWw==}
    engines: {node: '>=0.10.0'}

  glob@3.2.11:
    resolution: {integrity: sha512-hVb0zwEZwC1FXSKRPFTeOtN7AArJcJlI6ULGLtrstaswKNlrTJqAA+1lYlSUop4vjA423xlBzqfVS3iWGlqJ+g==}
    deprecated: Old versions of glob are not supported, and contain widely publicized security vulnerabilities, which have been fixed in the current version. Please update. Support for old versions may be purchased (at exorbitant rates) by contacting i@izs.me

  has@0.0.1:
    resolution: {integrity: sha512-Ulo9uG05SN7r55LqJxpU84yWzVPfJGv+GZSaEnm5mKO/jtwV5KODce9bPEDJh1uoYGJpsy5pKi4dQOdDSFzCvw==}
    engines: {node: '>= 0.8.0'}

  indent-string@1.2.2:
    resolution: {integrity: sha512-Z1vqf6lDC3f4N2mWqRywY6odjRatPNGDZgUr4DY9MLC14+Fp2/y+CI/RnNGlb8hD6ckscE/8DlZUwHUaiDBshg==}
    engines: {node: '>=0.10.0'}
    hasBin: true

  inherits@2.0.4:
    resolution: {integrity: sha512-k/vGaX4/Yla3WzyMCvTQOXYeIHvqOKtnqBduzTHpzpQZzAskKMhZ2K+EnBiSM9zGSoIFeMpXKxa4dYeZIQqewQ==}

  is-finite@1.1.0:
    resolution: {integrity: sha512-cdyMtqX/BOqqNBBiKlIVkytNHm49MtMlYyn1zxzvJKWmFMlGzm+ry5BBfYyeY9YmNKbRSo/o7OX9w9ale0wg3w==}
    engines: {node: '>=0.10.0'}

  isarray@0.0.1:
    resolution: {integrity: sha512-D2S+3GLxWH+uhrNEcoh/fnmYeP8E8/zHl644d/jdA0g2uyXvy3sb0qxotE+ne0LtccHknQzWwZEzhak7oJ0COQ==}

  jwa@1.0.2:
    resolution: {integrity: sha512-3InPmrUtackTvLXsoN6NtvgNMYDUd+dFQJ3od4GmMonXIPpxV9AYl4LyH/7Pb9GwaXtBpwVgAu8ue+uVrG65Lg==}

  lru-cache@2.7.3:
    resolution: {integrity: sha512-WpibWJ60c3AgAz8a2iYErDrcT2C7OmKnsWhIcHOjkUHFjkXncJhtLxNSqUmxRxRunpb5I8Vprd7aNSd2NtksJQ==}

  map-obj@1.0.1:
    resolution: {integrity: sha512-7N/q3lyZ+LVCp7PzuxrJr4KMbBE2hW7BT7YNia330OFxIf4d3r5zVpicP2650l7CPN6RM9zOJRl3NGpqSiw3Eg==}
    engines: {node: '>=0.10.0'}

  meow@2.0.0:
    resolution: {integrity: sha512-X7rkdgy5Wxxp2MhCiAOkC3lqfkrJkt3iXvW4BY0rYQIn3GMvYvBTsAPEmHHTjTeVzBelrRcQa2F80rYfigz2+A==}
    engines: {node: '>=0.10.0'}

  minimatch@0.3.0:
    resolution: {integrity: sha512-WFX1jI1AaxNTZVOHLBVazwTWKaQjoykSzCBNXB72vDTCzopQGtyP91tKdFK5cv1+qMwPyiTu1HqUriqplI8pcA==}
    deprecated: Please update to minimatch 3.0.2 or higher to avoid a RegExp DoS issue

  minimist@1.2.8:
    resolution: {integrity: sha512-2yyAR8qBkN3YuheJanUpWC5U3bb5osDywNB8RzDVlDwDHbocAJveqqj1u8+SVD7jkWT4yvsHCpWqqWqAxb0zCA==}

  object-assign@1.0.0:
    resolution: {integrity: sha512-LpUkixU1BUMQ6bwUHbOue4IGGbdRbxi+IEZw7zHniw78erlxrKGHbhfLbHIsI35LGbGqys6QOrjVmLnD2ie+1A==}
    engines: {node: '>=0.10.0'}

  object-inspect@1.13.4:
    resolution: {integrity: sha512-W67iLl4J2EXEGTbfeHCffrjDfitvLANg0UlX3wFUUSTx92KXRFegMHUVgSqE+wvhAbi4WqjGg9czysTV2Epbew==}
    engines: {node: '>= 0.4'}

  readable-stream@1.1.14:
    resolution: {integrity: sha512-+MeVjFf4L44XUkhM1eYbD8fyEsxcV81pqMSR5gblfcLCHfZvbrqy4/qYHE+/R5HoBUT11WV5O08Cr1n3YXkWVQ==}

  repeating@1.1.3:
    resolution: {integrity: sha512-Nh30JLeMHdoI+AsQ5eblhZ7YlTsM9wiJQe/AHIunlK3KWzvXhXb36IJ7K1IOeRjIOtzMjdUHjwXUFxKJoPTSOg==}
    engines: {node: '>=0.10.0'}
    hasBin: true

  resumer@0.0.0:
    resolution: {integrity: sha512-Fn9X8rX8yYF4m81rZCK/5VmrmsSbqS/i3rDLl6ZZHAXgC2nTAx3dhwG8q8odP/RmdLa2YrybDJaAMg+X1ajY3w==}

  safe-buffer@5.2.1:
    resolution: {integrity: sha512-rp3So07KcdmmKbGvgaNxQSJr7bGVSVk5S9Eq1F+ppbRo70+YeaDxkw5Dd8NPN+GD6bjnYm2VuPuCXmpuYvmCXQ==}

  sigmund@1.0.1:
    resolution: {integrity: sha512-fCvEXfh6NWpm+YSuY2bpXb/VIihqWA6hLsgboC+0nl71Q7N7o2eaCW8mJa/NLvQhs6jpd3VZV4UiUQlV6+lc8g==}

  string_decoder@0.10.31:
    resolution: {integrity: sha512-ev2QzSzWPYmy9GuqfIVildA4OdcGLeFZQrq5ys6RtiuF+RQQiZWr8TZNyAcuVXyQRYfEO+MsoB/1BuQVhOJuoQ==}

  tape@2.14.1:
    resolution: {integrity: sha512-kh37Wjs0ZkZY3Pd73v67GDjOhPFvnu7lHiqAgFfkblD96M4HqrI8ldk4/Q+3h+eKKNvLhZ3kk7ppO+AmYJNthQ==}
    hasBin: true

  through@2.3.8:
    resolution: {integrity: sha512-w89qg7PI8wAdvX60bMDP+bFoD5Dvhm9oLheFp5O4a2QF0cSBGsBX4qZmadPMvVqlLJBBci+WqGGOAPvcDeNSVg==}

  typedarray@0.0.7:
    resolution: {integrity: sha512-ueeb9YybpjhivjbHP2LdFDAjbS948fGEPj+ACAMs4xCMmh72OCOMQWBQKlaN4ZNQ04yfLSDLSx1tGRIoWimObQ==}

snapshots:

  base64url@0.0.6: {}

  base64url@1.0.6:
    dependencies:
      concat-stream: 1.4.11
      meow: 2.0.0

  buffer-equal-constant-time@1.0.1: {}

  camelcase-keys@1.0.0:
    dependencies:
      camelcase: 1.2.1
      map-obj: 1.0.1

  camelcase@1.2.1: {}

  concat-stream@1.4.11:
    dependencies:
      inherits: 2.0.4
      readable-stream: 1.1.14
      typedarray: 0.0.7

  core-util-is@1.0.3: {}

  deep-equal@0.2.2: {}

  defined@0.0.0: {}

  ecdsa-sig-formatter@1.0.11:
    dependencies:
      safe-buffer: 5.2.1

  get-stdin@4.0.1: {}

  glob@3.2.11:
    dependencies:
      inherits: 2.0.4
      minimatch: 0.3.0

  has@0.0.1: {}

  indent-string@1.2.2:
    dependencies:
      get-stdin: 4.0.1
      minimist: 1.2.8
      repeating: 1.1.3

  inherits@2.0.4: {}

  is-finite@1.1.0: {}

  isarray@0.0.1: {}

  jwa@1.0.2:
    dependencies:
      base64url: 0.0.6
      buffer-equal-constant-time: 1.0.1
      ecdsa-sig-formatter: 1.0.11

  lru-cache@2.7.3: {}

  map-obj@1.0.1: {}

  meow@2.0.0:
    dependencies:
      camelcase-keys: 1.0.0
      indent-string: 1.2.2
      minimist: 1.2.8
      object-assign: 1.0.0

  minimatch@0.3.0:
    dependencies:
      lru-cache: 2.7.3
      sigmund: 1.0.1

  minimist@1.2.8: {}

  object-assign@1.0.0: {}

  object-inspect@1.13.4: {}

  readable-stream@1.1.14:
    dependencies:
      core-util-is: 1.0.3
      inherits: 2.0.4
      isarray: 0.0.1
      string_decoder: 0.10.31

  repeating@1.1.3:
    dependencies:
      is-finite: 1.1.0

  resumer@0.0.0:
    dependencies:
      through: 2.3.8

  safe-buffer@5.2.1: {}

  sigmund@1.0.1: {}

  string_decoder@0.10.31: {}

  tape@2.14.1:
    dependencies:
      deep-equal: 0.2.2
      defined: 0.0.0
      glob: 3.2.11
      has: 0.0.1
      inherits: 2.0.4
      object-inspect: 1.13.4
      resumer: 0.0.0
      through: 2.3.8

  through@2.3.8: {}

  typedarray@0.0.7: {}
