lockfileVersion: '9.0'

settings:
  autoInstallPeers: true
  excludeLinksFromLockfile: false

importers:

  .:
    dependencies:
      inherits:
        specifier: ~2.0.1
        version: 2.0.4
      readable-stream:
        specifier: ~2.0.0
        version: 2.0.6
      typedarray:
        specifier: ~0.0.5
        version: 0.0.7
    devDependencies:
      tape:
        specifier: ~2.3.2
        version: 2.3.3

packages:

  core-util-is@1.0.3:
    resolution: {integrity: sha512-ZQBvi1DcpJ4GDqanjucZ2Hj3wEO5pZDS89BWbkcrvdxksJorwUDDZamX9ldFkp9aw2lmBDLgkObEA4DWNJ9FYQ==}

  deep-equal@0.1.2:
    resolution: {integrity: sha512-rUCt39nKM7s6qUyYgp/reJmtXjgkOS/JbLO24DioMZaBNkD3b7C7cD3zJjSyjclEElNTpetAIRD6fMIbBIbX1Q==}

  defined@0.0.0:
    resolution: {integrity: sha512-zpqiCT8bODLu3QSmLLic8xJnYWBFjOSu/fBCm189oAiTtPq/PSanNACKZDS7kgSyCJY7P+IcODzlIogBK/9RBg==}

  inherits@2.0.4:
    resolution: {integrity: sha512-k/vGaX4/Yla3WzyMCvTQOXYeIHvqOKtnqBduzTHpzpQZzAskKMhZ2K+EnBiSM9zGSoIFeMpXKxa4dYeZIQqewQ==}

  isarray@1.0.0:
    resolution: {integrity: sha512-VLghIWNM6ELQzo7zwmcg0NmTVyWKYjvIeM83yjp0wRDTmUnrM678fQbcKBo6n2CJEF0szoG//ytg+TKla89ALQ==}

  jsonify@0.0.1:
    resolution: {integrity: sha512-2/Ki0GcmuqSrgFyelQq9M05y7PS0mEwuIzrf3f1fPqkVDVRvZrPZtVSMHxdgo8Aq0sxAOb/cr2aqqA3LeWHVPg==}

  process-nextick-args@1.0.7:
    resolution: {integrity: sha512-yN0WQmuCX63LP/TMvAg31nvT6m4vDqJEiiv2CAZqWOGNWutc9DfDk1NPYYmKUFmaVM2UwDowH4u5AHWYP/jxKw==}

  readable-stream@2.0.6:
    resolution: {integrity: sha512-TXcFfb63BQe1+ySzsHZI/5v1aJPCShfqvWJ64ayNImXMsN1Cd0YGk/wm8KB7/OeessgPc9QvS9Zou8QTkFzsLw==}

  resumer@0.0.0:
    resolution: {integrity: sha512-Fn9X8rX8yYF4m81rZCK/5VmrmsSbqS/i3rDLl6ZZHAXgC2nTAx3dhwG8q8odP/RmdLa2YrybDJaAMg+X1ajY3w==}

  string_decoder@0.10.31:
    resolution: {integrity: sha512-ev2QzSzWPYmy9GuqfIVildA4OdcGLeFZQrq5ys6RtiuF+RQQiZWr8TZNyAcuVXyQRYfEO+MsoB/1BuQVhOJuoQ==}

  tape@2.3.3:
    resolution: {integrity: sha512-V3tQqlti/JJm577hhDdoCOw1xl4aPcDjTY6PesnFjWDcUYzB6fz39ETXFQuPr9piaoHPfc65sjAehTgbfXOvxQ==}
    hasBin: true

  through@2.3.8:
    resolution: {integrity: sha512-w89qg7PI8wAdvX60bMDP+bFoD5Dvhm9oLheFp5O4a2QF0cSBGsBX4qZmadPMvVqlLJBBci+WqGGOAPvcDeNSVg==}

  typedarray@0.0.7:
    resolution: {integrity: sha512-ueeb9YybpjhivjbHP2LdFDAjbS948fGEPj+ACAMs4xCMmh72OCOMQWBQKlaN4ZNQ04yfLSDLSx1tGRIoWimObQ==}

  util-deprecate@1.0.2:
    resolution: {integrity: sha512-EPD5q1uXyFxJpCrLnCc1nHnq3gOa6DZBocAIiI2TaSCA7VCJ1UJDMagCzIkXNsUYfD1daK//LTEQ8xiIbrHtcw==}

snapshots:

  core-util-is@1.0.3: {}

  deep-equal@0.1.2: {}

  defined@0.0.0: {}

  inherits@2.0.4: {}

  isarray@1.0.0: {}

  jsonify@0.0.1: {}

  process-nextick-args@1.0.7: {}

  readable-stream@2.0.6:
    dependencies:
      core-util-is: 1.0.3
      inherits: 2.0.4
      isarray: 1.0.0
      process-nextick-args: 1.0.7
      string_decoder: 0.10.31
      util-deprecate: 1.0.2

  resumer@0.0.0:
    dependencies:
      through: 2.3.8

  string_decoder@0.10.31: {}

  tape@2.3.3:
    dependencies:
      deep-equal: 0.1.2
      defined: 0.0.0
      inherits: 2.0.4
      jsonify: 0.0.1
      resumer: 0.0.0
      through: 2.3.8

  through@2.3.8: {}

  typedarray@0.0.7: {}

  util-deprecate@1.0.2: {}
