lockfileVersion: '9.0'

settings:
  autoInstallPeers: true
  excludeLinksFromLockfile: false

importers:

  .:
    dependencies:
      dockerode:
        specifier: 2.3.1
        version: 2.3.1
      js-yaml:
        specifier: 3.7.0
        version: 3.7.0

packages:

  JSONStream@0.10.0:
    resolution: {integrity: sha512-8XbSFFd43EG+1thjLNFIzCBlwXti0yKa7L+ak/f0T/pkC+31b7G41DXL/JzYpAoYWZ2eCPiu4IIqzijM8N0a/w==}
    hasBin: true

  argparse@1.0.10:
    resolution: {integrity: sha512-o5Roy6tNG4SL/FOkCAN6RzjiakZS25RLYFrcMttJqbdd8BWrnA+fGz57iN5Pb06pvBGvl5gQ0B48dJlslXvoTg==}

  core-util-is@1.0.3:
    resolution: {integrity: sha512-ZQBvi1DcpJ4GDqanjucZ2Hj3wEO5pZDS89BWbkcrvdxksJorwUDDZamX9ldFkp9aw2lmBDLgkObEA4DWNJ9FYQ==}

  debug@2.6.9:
    resolution: {integrity: sha512-bC7ElrdJaJnPbAP+1EotYvqZsb3ecl5wi6Bfi6BJTUcNowp6cvspg0jXznRTKDjm/E7AdgFBVeAPVMNcKGsHMA==}
    peerDependencies:
      supports-color: '*'
    peerDependenciesMeta:
      supports-color:
        optional: true

  docker-modem@0.3.7:
    resolution: {integrity: sha512-4Xn4ZVtc/2DEFtxY04lOVeF7yvxwXGVo0sN8FKRBnLhBcwQ78Hb56j+Z5yAXXUhoweVhzGeBeGWahS+af0/mcg==}
    engines: {node: '>= 0.8'}

  dockerode@2.3.1:
    resolution: {integrity: sha512-WDSuVMQV47ghg/N6xBRcu7cDq8qoZaB2lUX3EbJuF9WCFtt6eHXVUkIbkwb+FA/zLIoOfpKbv+jtFXPP4mC/lA==}
    engines: {node: '>= 0.8'}

  esprima@2.7.3:
    resolution: {integrity: sha512-OarPfz0lFCiW4/AV2Oy1Rp9qu0iusTKqykwTspGCZtPxmF81JR4MmIebvF1F9+UOKth2ZubLQ4XGGaU+hSn99A==}
    engines: {node: '>=0.10.0'}
    hasBin: true

  inherits@2.0.4:
    resolution: {integrity: sha512-k/vGaX4/Yla3WzyMCvTQOXYeIHvqOKtnqBduzTHpzpQZzAskKMhZ2K+EnBiSM9zGSoIFeMpXKxa4dYeZIQqewQ==}

  isarray@0.0.1:
    resolution: {integrity: sha512-D2S+3GLxWH+uhrNEcoh/fnmYeP8E8/zHl644d/jdA0g2uyXvy3sb0qxotE+ne0LtccHknQzWwZEzhak7oJ0COQ==}

  js-yaml@3.7.0:
    resolution: {integrity: sha512-eIlkGty7HGmntbV6P/ZlAsoncFLGsNoM27lkTzS+oneY/EiNhj+geqD9ezg/ip+SW6Var0BJU2JtV0vEUZpWVQ==}
    hasBin: true

  jsonparse@0.0.5:
    resolution: {integrity: sha512-fw7Q/8gFR8iSekUi9I+HqWIap6mywuoe7hQIg3buTVjuZgALKj4HAmm0X6f+TaL4c9NJbvyFQdaI2ppr5p6dnQ==}
    engines: {'0': node >= 0.2.0}

  ms@2.0.0:
    resolution: {integrity: sha512-Tpp60P6IUJDTuOq/5Z8cdskzJujfwqfOTkrwIwj7IRISpnkJnT6SyJ4PCPnGMoFjC9ddhal5KVIYtAt97ix05A==}

  readable-stream@1.0.34:
    resolution: {integrity: sha512-ok1qVCJuRkNmvebYikljxJA/UEsKwLl2nI1OmaqAu4/UE+h0wKCHok4XkL/gvi39OacXvw59RJUOFUkDib2rHg==}

  split-ca@1.0.1:
    resolution: {integrity: sha512-Q5thBSxp5t8WPTTJQS59LrGqOZqOsrhDGDVm8azCqIBjSBd7nd9o2PM+mDulQQkh8h//4U6hFZnc/mul8t5pWQ==}

  sprintf-js@1.0.3:
    resolution: {integrity: sha512-D9cPgkvLlV3t3IzL0D0YLvGA9Ahk4PcvVwUbN0dSGr1aP0Nrt4AEnTUbuGvquEC0mA64Gqt1fzirlRs5ibXx8g==}

  string_decoder@0.10.31:
    resolution: {integrity: sha512-ev2QzSzWPYmy9GuqfIVildA4OdcGLeFZQrq5ys6RtiuF+RQQiZWr8TZNyAcuVXyQRYfEO+MsoB/1BuQVhOJuoQ==}

  through@2.3.8:
    resolution: {integrity: sha512-w89qg7PI8wAdvX60bMDP+bFoD5Dvhm9oLheFp5O4a2QF0cSBGsBX4qZmadPMvVqlLJBBci+WqGGOAPvcDeNSVg==}

snapshots:

  JSONStream@0.10.0:
    dependencies:
      jsonparse: 0.0.5
      through: 2.3.8

  argparse@1.0.10:
    dependencies:
      sprintf-js: 1.0.3

  core-util-is@1.0.3: {}

  debug@2.6.9:
    dependencies:
      ms: 2.0.0

  docker-modem@0.3.7:
    dependencies:
      JSONStream: 0.10.0
      debug: 2.6.9
      readable-stream: 1.0.34
      split-ca: 1.0.1
    transitivePeerDependencies:
      - supports-color

  dockerode@2.3.1:
    dependencies:
      docker-modem: 0.3.7
    transitivePeerDependencies:
      - supports-color

  esprima@2.7.3: {}

  inherits@2.0.4: {}

  isarray@0.0.1: {}

  js-yaml@3.7.0:
    dependencies:
      argparse: 1.0.10
      esprima: 2.7.3

  jsonparse@0.0.5: {}

  ms@2.0.0: {}

  readable-stream@1.0.34:
    dependencies:
      core-util-is: 1.0.3
      inherits: 2.0.4
      isarray: 0.0.1
      string_decoder: 0.10.31

  split-ca@1.0.1: {}

  sprintf-js@1.0.3: {}

  string_decoder@0.10.31: {}

  through@2.3.8: {}
